// !$*UTF8*$!
{
	archiveVersion = 1;
	classes = {
	};
	objectVersion = 55;
	objects = {

/* Begin PBXBuildFile section */
		4403904D28B49267007AD94B /* LoadFeedImageDataFromCacheUseCaseTests.swift in Sources */ = {isa = PBXBuildFile; fileRef = 4403904C28B49267007AD94B /* LoadFeedImageDataFromCacheUseCaseTests.swift */; };
		4403904F28B4AE3D007AD94B /* FeedImageDataStore.swift in Sources */ = {isa = PBXBuildFile; fileRef = 4403904E28B4AE3D007AD94B /* FeedImageDataStore.swift */; };
		4403905128B4AE4F007AD94B /* LocalFeedImageDataLoader.swift in Sources */ = {isa = PBXBuildFile; fileRef = 4403905028B4AE4F007AD94B /* LocalFeedImageDataLoader.swift */; };
		4403905528B4EA0E007AD94B /* FeedImageDataStoreSpy.swift in Sources */ = {isa = PBXBuildFile; fileRef = 4403905428B4EA0E007AD94B /* FeedImageDataStoreSpy.swift */; };
		44100FAB28AE2D1800BCE019 /* MainQueueDispatchDecorator.swift in Sources */ = {isa = PBXBuildFile; fileRef = 44100FAA28AE2D1800BCE019 /* MainQueueDispatchDecorator.swift */; };
		44100FAD28AE2D7A00BCE019 /* WeakRefVirtualProxy.swift in Sources */ = {isa = PBXBuildFile; fileRef = 44100FAC28AE2D7A00BCE019 /* WeakRefVirtualProxy.swift */; };
		44100FAF28AE2D9C00BCE019 /* FeedViewAdapter.swift in Sources */ = {isa = PBXBuildFile; fileRef = 44100FAE28AE2D9C00BCE019 /* FeedViewAdapter.swift */; };
		44100FB128AE2DB200BCE019 /* FeedImageDataLoaderPresentationAdapter.swift in Sources */ = {isa = PBXBuildFile; fileRef = 44100FB028AE2DB200BCE019 /* FeedImageDataLoaderPresentationAdapter.swift */; };
		44100FB328AE2DC400BCE019 /* FeedLoaderPresentationAdapter.swift in Sources */ = {isa = PBXBuildFile; fileRef = 44100FB228AE2DC400BCE019 /* FeedLoaderPresentationAdapter.swift */; };
		4442DE1228A685D300FA294F /* FeedUIIntegrationTests.swift in Sources */ = {isa = PBXBuildFile; fileRef = 4442DE1128A685D300FA294F /* FeedUIIntegrationTests.swift */; };
		4442DE1428A90A5300FA294F /* EssentialFeed.framework in Frameworks */ = {isa = PBXBuildFile; fileRef = 44CA46A12892D83400A083FE /* EssentialFeed.framework */; platformFilter = ios; };
		4442DE1528A90A5300FA294F /* EssentialFeed.framework in Embed Frameworks */ = {isa = PBXBuildFile; fileRef = 44CA46A12892D83400A083FE /* EssentialFeed.framework */; platformFilter = ios; settings = {ATTRIBUTES = (CodeSignOnCopy, RemoveHeadersOnCopy, ); }; };
		4442DE1928A90AA200FA294F /* XCTestCase+MemoryLeakTracking.swift in Sources */ = {isa = PBXBuildFile; fileRef = 444FBB0A28991EA500CE44D8 /* XCTestCase+MemoryLeakTracking.swift */; };
		4442DE1B28A9105F00FA294F /* FeedViewController.swift in Sources */ = {isa = PBXBuildFile; fileRef = 4442DE1A28A9105F00FA294F /* FeedViewController.swift */; };
		444FBB0B28991EA500CE44D8 /* XCTestCase+MemoryLeakTracking.swift in Sources */ = {isa = PBXBuildFile; fileRef = 444FBB0A28991EA500CE44D8 /* XCTestCase+MemoryLeakTracking.swift */; };
		444FBB0D2899390300CE44D8 /* URLSessionHTTPClient.swift in Sources */ = {isa = PBXBuildFile; fileRef = 444FBB0C2899390300CE44D8 /* URLSessionHTTPClient.swift */; };
		444FBB152899544600CE44D8 /* EssentialFeedAPIEndToEndTests.swift in Sources */ = {isa = PBXBuildFile; fileRef = 444FBB142899544600CE44D8 /* EssentialFeedAPIEndToEndTests.swift */; };
		444FBB162899544600CE44D8 /* EssentialFeed.framework in Frameworks */ = {isa = PBXBuildFile; fileRef = 44CA46A12892D83400A083FE /* EssentialFeed.framework */; };
		444FBB1C289957D300CE44D8 /* XCTestCase+MemoryLeakTracking.swift in Sources */ = {isa = PBXBuildFile; fileRef = 444FBB0A28991EA500CE44D8 /* XCTestCase+MemoryLeakTracking.swift */; };
		445EFD0B28A37706001AE8F7 /* CoreDataHelpers.swift in Sources */ = {isa = PBXBuildFile; fileRef = 445EFD0A28A37706001AE8F7 /* CoreDataHelpers.swift */; };
		445EFD0D28A37739001AE8F7 /* ManagedCache.swift in Sources */ = {isa = PBXBuildFile; fileRef = 445EFD0C28A37739001AE8F7 /* ManagedCache.swift */; };
		445EFD0F28A3774A001AE8F7 /* ManagedFeedImage.swift in Sources */ = {isa = PBXBuildFile; fileRef = 445EFD0E28A3774A001AE8F7 /* ManagedFeedImage.swift */; };
		445EFD1728A37A7E001AE8F7 /* EssentialFeedCacheIntegrationTests.swift in Sources */ = {isa = PBXBuildFile; fileRef = 445EFD1628A37A7E001AE8F7 /* EssentialFeedCacheIntegrationTests.swift */; };
		445EFD1828A37A7E001AE8F7 /* EssentialFeed.framework in Frameworks */ = {isa = PBXBuildFile; fileRef = 44CA46A12892D83400A083FE /* EssentialFeed.framework */; };
		445EFD1E28A37C02001AE8F7 /* XCTestCase+MemoryLeakTracking.swift in Sources */ = {isa = PBXBuildFile; fileRef = 444FBB0A28991EA500CE44D8 /* XCTestCase+MemoryLeakTracking.swift */; };
		445EFD1F28A37C7B001AE8F7 /* FeedCache+TestHelpers.swift in Sources */ = {isa = PBXBuildFile; fileRef = 44D75E0D289CF81200A9A209 /* FeedCache+TestHelpers.swift */; };
		445EFD2028A37CEA001AE8F7 /* SharedTestHelpers.swift in Sources */ = {isa = PBXBuildFile; fileRef = 44D75E0F289CF87400A9A209 /* SharedTestHelpers.swift */; };
		446B584F28A22B6B005ADF61 /* CodableFeedStore.swift in Sources */ = {isa = PBXBuildFile; fileRef = 446B584E28A22B6B005ADF61 /* CodableFeedStore.swift */; };
		446B585128A23A25005ADF61 /* FeedStoreSpecs.swift in Sources */ = {isa = PBXBuildFile; fileRef = 446B585028A23A25005ADF61 /* FeedStoreSpecs.swift */; };
		446B585328A23A5F005ADF61 /* XCTestCase+FeedStoreSpecs.swift in Sources */ = {isa = PBXBuildFile; fileRef = 446B585228A23A5F005ADF61 /* XCTestCase+FeedStoreSpecs.swift */; };
		446B585628A27AB4005ADF61 /* CoreDataFeedStoreTests.swift in Sources */ = {isa = PBXBuildFile; fileRef = 446B585528A27AB4005ADF61 /* CoreDataFeedStoreTests.swift */; };
		446B585928A27E05005ADF61 /* CoreDataFeedStore.swift in Sources */ = {isa = PBXBuildFile; fileRef = 446B585828A27E05005ADF61 /* CoreDataFeedStore.swift */; };
		446B585C28A27E94005ADF61 /* FeedStore.xcdatamodeld in Sources */ = {isa = PBXBuildFile; fileRef = 446B585A28A27E94005ADF61 /* FeedStore.xcdatamodeld */; };
		448C6BBF28B359B400820349 /* ErrorView.swift in Sources */ = {isa = PBXBuildFile; fileRef = 448C6BBE28B359B400820349 /* ErrorView.swift */; };
		448C6BC428B362F200820349 /* UIRefreshControl+Helpers.swift in Sources */ = {isa = PBXBuildFile; fileRef = 448C6BC328B362F200820349 /* UIRefreshControl+Helpers.swift */; };
		448C6BC728B3642600820349 /* FeedPresenterTests.swift in Sources */ = {isa = PBXBuildFile; fileRef = 448C6BC628B3642600820349 /* FeedPresenterTests.swift */; };
		448C6BD228B36C5300820349 /* Feed.strings in Resources */ = {isa = PBXBuildFile; fileRef = 448C6BCC28B36B4C00820349 /* Feed.strings */; };
		448C6BD428B36C5B00820349 /* FeedViewModel.swift in Sources */ = {isa = PBXBuildFile; fileRef = 448C6BD328B36C5B00820349 /* FeedViewModel.swift */; };
		448C6BD628B36C6B00820349 /* FeedErrorViewModel.swift in Sources */ = {isa = PBXBuildFile; fileRef = 448C6BD528B36C6B00820349 /* FeedErrorViewModel.swift */; };
		448C6BD828B36C7300820349 /* FeedLoadingViewModel.swift in Sources */ = {isa = PBXBuildFile; fileRef = 448C6BD728B36C7300820349 /* FeedLoadingViewModel.swift */; };
		448C6BD928B36C8700820349 /* FeedPresenter.swift in Sources */ = {isa = PBXBuildFile; fileRef = 448C6BD028B36C1A00820349 /* FeedPresenter.swift */; };
		448C6BDA28B36E0E00820349 /* FeedLocalizationTests.swift in Sources */ = {isa = PBXBuildFile; fileRef = 44F26BDA28ABE3C900AA5DB9 /* FeedLocalizationTests.swift */; };
		448C6BDC28B36EBF00820349 /* FeedImagePresenterTests.swift in Sources */ = {isa = PBXBuildFile; fileRef = 448C6BDB28B36EBF00820349 /* FeedImagePresenterTests.swift */; };
		448C6BDE28B37B1000820349 /* FeedImagePresenter.swift in Sources */ = {isa = PBXBuildFile; fileRef = 448C6BDD28B37B1000820349 /* FeedImagePresenter.swift */; };
		448C6BE028B37B6400820349 /* FeedImageViewModel.swift in Sources */ = {isa = PBXBuildFile; fileRef = 448C6BDF28B37B6400820349 /* FeedImageViewModel.swift */; };
		448C6BE128B39BA100820349 /* FeedImageDataLoader.swift in Sources */ = {isa = PBXBuildFile; fileRef = 44F26B9F28AB866000AA5DB9 /* FeedImageDataLoader.swift */; };
		448C6BE328B39C5900820349 /* LoadFeedImageDataFromRemoteUseCaseTests.swift in Sources */ = {isa = PBXBuildFile; fileRef = 448C6BE228B39C5900820349 /* LoadFeedImageDataFromRemoteUseCaseTests.swift */; };
		448C6BE528B3C04B00820349 /* HTTPClientSpy.swift in Sources */ = {isa = PBXBuildFile; fileRef = 448C6BE428B3C04B00820349 /* HTTPClientSpy.swift */; };
		448C6BE728B3C0BF00820349 /* RemoteFeedImageDataLoader.swift in Sources */ = {isa = PBXBuildFile; fileRef = 448C6BE628B3C0BF00820349 /* RemoteFeedImageDataLoader.swift */; };
		448C6BEA28B3C6BB00820349 /* HTTPURLResponse+StatusCode.swift in Sources */ = {isa = PBXBuildFile; fileRef = 448C6BE928B3C6BB00820349 /* HTTPURLResponse+StatusCode.swift */; };
		448C6BED28B3D0B600820349 /* URLProtocolStub.swift in Sources */ = {isa = PBXBuildFile; fileRef = 448C6BEC28B3D0B600820349 /* URLProtocolStub.swift */; };
		44C1F0FA28A12B7100E0A129 /* CodableFeedStoreTests.swift in Sources */ = {isa = PBXBuildFile; fileRef = 44C1F0F928A12B7100E0A129 /* CodableFeedStoreTests.swift */; };
		44C9720C289BE8DE00B6334F /* RemoteFeedItem.swift in Sources */ = {isa = PBXBuildFile; fileRef = 44C9720B289BE8DE00B6334F /* RemoteFeedItem.swift */; };
		44C97210289BE91E00B6334F /* LocalFeedImage.swift in Sources */ = {isa = PBXBuildFile; fileRef = 44C9720F289BE91E00B6334F /* LocalFeedImage.swift */; };
		44C97212289BF10D00B6334F /* LoadFeedFromCacheUseCaseTests.swift in Sources */ = {isa = PBXBuildFile; fileRef = 44C97211289BF10D00B6334F /* LoadFeedFromCacheUseCaseTests.swift */; };
		44C97215289BF24800B6334F /* FeedStoreSpy.swift in Sources */ = {isa = PBXBuildFile; fileRef = 44C97214289BF24800B6334F /* FeedStoreSpy.swift */; };
		44CA46AA2892D83400A083FE /* EssentialFeed.framework in Frameworks */ = {isa = PBXBuildFile; fileRef = 44CA46A12892D83400A083FE /* EssentialFeed.framework */; };
		44CA46BA2892D88000A083FE /* FeedImage.swift in Sources */ = {isa = PBXBuildFile; fileRef = 44CA46B92892D88000A083FE /* FeedImage.swift */; };
		44CA46BC2892D8E700A083FE /* FeedLoader.swift in Sources */ = {isa = PBXBuildFile; fileRef = 44CA46BB2892D8E700A083FE /* FeedLoader.swift */; };
		44CFA8AD28A660E500C77FE2 /* EssentialFeediOS.framework in Frameworks */ = {isa = PBXBuildFile; fileRef = 44CFA8A528A660E400C77FE2 /* EssentialFeediOS.framework */; };
		44D75E0C289CF5E400A9A209 /* ValidateFeedCacheUseCaseTests.swift in Sources */ = {isa = PBXBuildFile; fileRef = 44D75E0B289CF5E400A9A209 /* ValidateFeedCacheUseCaseTests.swift */; };
		44D75E0E289CF81200A9A209 /* FeedCache+TestHelpers.swift in Sources */ = {isa = PBXBuildFile; fileRef = 44D75E0D289CF81200A9A209 /* FeedCache+TestHelpers.swift */; };
		44D75E10289CF87400A9A209 /* SharedTestHelpers.swift in Sources */ = {isa = PBXBuildFile; fileRef = 44D75E0F289CF87400A9A209 /* SharedTestHelpers.swift */; };
		44D75E12289CFE1000A9A209 /* FeedCachePolicy.swift in Sources */ = {isa = PBXBuildFile; fileRef = 44D75E11289CFE1000A9A209 /* FeedCachePolicy.swift */; };
		44E610DB289AA5A200E60693 /* CacheFeedUseCaseTests.swift in Sources */ = {isa = PBXBuildFile; fileRef = 44E610DA289AA5A200E60693 /* CacheFeedUseCaseTests.swift */; };
		44E610DE289AB24100E60693 /* LocalFeedLoader.swift in Sources */ = {isa = PBXBuildFile; fileRef = 44E610DD289AB24100E60693 /* LocalFeedLoader.swift */; };
		44E610E0289AB27000E60693 /* FeedStore.swift in Sources */ = {isa = PBXBuildFile; fileRef = 44E610DF289AB27000E60693 /* FeedStore.swift */; };
		44EDC12A28AA2CB6002B0416 /* FeedImageCell.swift in Sources */ = {isa = PBXBuildFile; fileRef = 44EDC12928AA2CB6002B0416 /* FeedImageCell.swift */; };
		44EDC12C28AA83D4002B0416 /* UIView+Shimmering.swift in Sources */ = {isa = PBXBuildFile; fileRef = 44EDC12B28AA83D4002B0416 /* UIView+Shimmering.swift */; };
		44F26BA928AB875C00AA5DB9 /* UIImage+TestHelpers.swift in Sources */ = {isa = PBXBuildFile; fileRef = 44F26BA828AB875C00AA5DB9 /* UIImage+TestHelpers.swift */; };
		44F26BAB28AB877900AA5DB9 /* UIRefreshControl+TestHelpers.swift in Sources */ = {isa = PBXBuildFile; fileRef = 44F26BAA28AB877900AA5DB9 /* UIRefreshControl+TestHelpers.swift */; };
		44F26BAD28AB879100AA5DB9 /* UIButton+TestHelpers.swift in Sources */ = {isa = PBXBuildFile; fileRef = 44F26BAC28AB879100AA5DB9 /* UIButton+TestHelpers.swift */; };
		44F26BAF28AB87A700AA5DB9 /* FeedImageCell+TestHelpers.swift in Sources */ = {isa = PBXBuildFile; fileRef = 44F26BAE28AB87A700AA5DB9 /* FeedImageCell+TestHelpers.swift */; };
		44F26BB128AB87CA00AA5DB9 /* FeedViewController+TestHelpers.swift in Sources */ = {isa = PBXBuildFile; fileRef = 44F26BB028AB87CA00AA5DB9 /* FeedViewController+TestHelpers.swift */; };
		44F26BB528AB8AE000AA5DB9 /* FeedImageCellController.swift in Sources */ = {isa = PBXBuildFile; fileRef = 44F26BB428AB8AE000AA5DB9 /* FeedImageCellController.swift */; };
		44F26BB928AB8DB900AA5DB9 /* FeedUIComposer.swift in Sources */ = {isa = PBXBuildFile; fileRef = 44F26BB828AB8DB900AA5DB9 /* FeedUIComposer.swift */; };
		44F26BC828ABCBB000AA5DB9 /* Feed.storyboard in Resources */ = {isa = PBXBuildFile; fileRef = 44F26BC728ABCBB000AA5DB9 /* Feed.storyboard */; };
		44F26BCA28ABCBF300AA5DB9 /* Feed.xcassets in Resources */ = {isa = PBXBuildFile; fileRef = 44F26BC928ABCBF300AA5DB9 /* Feed.xcassets */; };
		44F26BCC28ABD27700AA5DB9 /* UItableView+dequeueing.swift in Sources */ = {isa = PBXBuildFile; fileRef = 44F26BCB28ABD27700AA5DB9 /* UItableView+dequeueing.swift */; };
		44F26BCE28ABD33300AA5DB9 /* UIImageView+animations.swift in Sources */ = {isa = PBXBuildFile; fileRef = 44F26BCD28ABD33300AA5DB9 /* UIImageView+animations.swift */; };
		44F26BD228ABE2A900AA5DB9 /* FeedVIewController+Localization.swift in Sources */ = {isa = PBXBuildFile; fileRef = 44F26BD128ABE2A900AA5DB9 /* FeedVIewController+Localization.swift */; };
		44FCAC7A2897CB5400293E68 /* LoadFeedFromRemoteUseCaseTests.swift in Sources */ = {isa = PBXBuildFile; fileRef = 44FCAC792897CB5400293E68 /* LoadFeedFromRemoteUseCaseTests.swift */; };
		44FCAC7D2897D22000293E68 /* RemoteFeedLoader.swift in Sources */ = {isa = PBXBuildFile; fileRef = 44FCAC7C2897D22000293E68 /* RemoteFeedLoader.swift */; };
		44FCAC7F2897F5F700293E68 /* HTTPClient.swift in Sources */ = {isa = PBXBuildFile; fileRef = 44FCAC7E2897F5F700293E68 /* HTTPClient.swift */; };
		44FCAC812897F64B00293E68 /* FeedItemsMapper.swift in Sources */ = {isa = PBXBuildFile; fileRef = 44FCAC802897F64B00293E68 /* FeedItemsMapper.swift */; };
		44FCAC84289808F500293E68 /* URLSessionHTTPClientTests.swift in Sources */ = {isa = PBXBuildFile; fileRef = 44FCAC83289808F500293E68 /* URLSessionHTTPClientTests.swift */; };
/* End PBXBuildFile section */

/* Begin PBXContainerItemProxy section */
		4442DE1628A90A5300FA294F /* PBXContainerItemProxy */ = {
			isa = PBXContainerItemProxy;
			containerPortal = 44CA46982892D83400A083FE /* Project object */;
			proxyType = 1;
			remoteGlobalIDString = 44CA46A02892D83400A083FE;
			remoteInfo = EssentialFeed;
		};
		444FBB172899544600CE44D8 /* PBXContainerItemProxy */ = {
			isa = PBXContainerItemProxy;
			containerPortal = 44CA46982892D83400A083FE /* Project object */;
			proxyType = 1;
			remoteGlobalIDString = 44CA46A02892D83400A083FE;
			remoteInfo = EssentialFeed;
		};
		445EFD1928A37A7E001AE8F7 /* PBXContainerItemProxy */ = {
			isa = PBXContainerItemProxy;
			containerPortal = 44CA46982892D83400A083FE /* Project object */;
			proxyType = 1;
			remoteGlobalIDString = 44CA46A02892D83400A083FE;
			remoteInfo = EssentialFeed;
		};
		44CA46AB2892D83400A083FE /* PBXContainerItemProxy */ = {
			isa = PBXContainerItemProxy;
			containerPortal = 44CA46982892D83400A083FE /* Project object */;
			proxyType = 1;
			remoteGlobalIDString = 44CA46A02892D83400A083FE;
			remoteInfo = EssentialFeed;
		};
		44CFA8AE28A660E500C77FE2 /* PBXContainerItemProxy */ = {
			isa = PBXContainerItemProxy;
			containerPortal = 44CA46982892D83400A083FE /* Project object */;
			proxyType = 1;
			remoteGlobalIDString = 44CFA8A428A660E400C77FE2;
			remoteInfo = EssentialFeediOS;
		};
/* End PBXContainerItemProxy section */

/* Begin PBXCopyFilesBuildPhase section */
		4442DE1828A90A5300FA294F /* Embed Frameworks */ = {
			isa = PBXCopyFilesBuildPhase;
			buildActionMask = 2147483647;
			dstPath = "";
			dstSubfolderSpec = 10;
			files = (
				4442DE1528A90A5300FA294F /* EssentialFeed.framework in Embed Frameworks */,
			);
			name = "Embed Frameworks";
			runOnlyForDeploymentPostprocessing = 0;
		};
/* End PBXCopyFilesBuildPhase section */

/* Begin PBXFileReference section */
		4403904C28B49267007AD94B /* LoadFeedImageDataFromCacheUseCaseTests.swift */ = {isa = PBXFileReference; lastKnownFileType = sourcecode.swift; path = LoadFeedImageDataFromCacheUseCaseTests.swift; sourceTree = "<group>"; };
		4403904E28B4AE3D007AD94B /* FeedImageDataStore.swift */ = {isa = PBXFileReference; lastKnownFileType = sourcecode.swift; path = FeedImageDataStore.swift; sourceTree = "<group>"; };
		4403905028B4AE4F007AD94B /* LocalFeedImageDataLoader.swift */ = {isa = PBXFileReference; lastKnownFileType = sourcecode.swift; path = LocalFeedImageDataLoader.swift; sourceTree = "<group>"; };
		4403905428B4EA0E007AD94B /* FeedImageDataStoreSpy.swift */ = {isa = PBXFileReference; lastKnownFileType = sourcecode.swift; path = FeedImageDataStoreSpy.swift; sourceTree = "<group>"; };
		44100FAA28AE2D1800BCE019 /* MainQueueDispatchDecorator.swift */ = {isa = PBXFileReference; lastKnownFileType = sourcecode.swift; path = MainQueueDispatchDecorator.swift; sourceTree = "<group>"; };
		44100FAC28AE2D7A00BCE019 /* WeakRefVirtualProxy.swift */ = {isa = PBXFileReference; lastKnownFileType = sourcecode.swift; path = WeakRefVirtualProxy.swift; sourceTree = "<group>"; };
		44100FAE28AE2D9C00BCE019 /* FeedViewAdapter.swift */ = {isa = PBXFileReference; lastKnownFileType = sourcecode.swift; path = FeedViewAdapter.swift; sourceTree = "<group>"; };
		44100FB028AE2DB200BCE019 /* FeedImageDataLoaderPresentationAdapter.swift */ = {isa = PBXFileReference; lastKnownFileType = sourcecode.swift; path = FeedImageDataLoaderPresentationAdapter.swift; sourceTree = "<group>"; };
		44100FB228AE2DC400BCE019 /* FeedLoaderPresentationAdapter.swift */ = {isa = PBXFileReference; lastKnownFileType = sourcecode.swift; path = FeedLoaderPresentationAdapter.swift; sourceTree = "<group>"; };
		4442DE1128A685D300FA294F /* FeedUIIntegrationTests.swift */ = {isa = PBXFileReference; lastKnownFileType = sourcecode.swift; path = FeedUIIntegrationTests.swift; sourceTree = "<group>"; };
		4442DE1A28A9105F00FA294F /* FeedViewController.swift */ = {isa = PBXFileReference; lastKnownFileType = sourcecode.swift; path = FeedViewController.swift; sourceTree = "<group>"; };
		444FBB0A28991EA500CE44D8 /* XCTestCase+MemoryLeakTracking.swift */ = {isa = PBXFileReference; lastKnownFileType = sourcecode.swift; path = "XCTestCase+MemoryLeakTracking.swift"; sourceTree = "<group>"; };
		444FBB0C2899390300CE44D8 /* URLSessionHTTPClient.swift */ = {isa = PBXFileReference; lastKnownFileType = sourcecode.swift; path = URLSessionHTTPClient.swift; sourceTree = "<group>"; };
		444FBB122899544600CE44D8 /* EssentialFeedAPIEndToEndTests.xctest */ = {isa = PBXFileReference; explicitFileType = wrapper.cfbundle; includeInIndex = 0; path = EssentialFeedAPIEndToEndTests.xctest; sourceTree = BUILT_PRODUCTS_DIR; };
		444FBB142899544600CE44D8 /* EssentialFeedAPIEndToEndTests.swift */ = {isa = PBXFileReference; lastKnownFileType = sourcecode.swift; path = EssentialFeedAPIEndToEndTests.swift; sourceTree = "<group>"; };
		445EFD0A28A37706001AE8F7 /* CoreDataHelpers.swift */ = {isa = PBXFileReference; lastKnownFileType = sourcecode.swift; path = CoreDataHelpers.swift; sourceTree = "<group>"; };
		445EFD0C28A37739001AE8F7 /* ManagedCache.swift */ = {isa = PBXFileReference; lastKnownFileType = sourcecode.swift; path = ManagedCache.swift; sourceTree = "<group>"; };
		445EFD0E28A3774A001AE8F7 /* ManagedFeedImage.swift */ = {isa = PBXFileReference; lastKnownFileType = sourcecode.swift; path = ManagedFeedImage.swift; sourceTree = "<group>"; };
		445EFD1428A37A7E001AE8F7 /* EssentialFeedCacheIntegrationTests.xctest */ = {isa = PBXFileReference; explicitFileType = wrapper.cfbundle; includeInIndex = 0; path = EssentialFeedCacheIntegrationTests.xctest; sourceTree = BUILT_PRODUCTS_DIR; };
		445EFD1628A37A7E001AE8F7 /* EssentialFeedCacheIntegrationTests.swift */ = {isa = PBXFileReference; lastKnownFileType = sourcecode.swift; path = EssentialFeedCacheIntegrationTests.swift; sourceTree = "<group>"; };
		446B584E28A22B6B005ADF61 /* CodableFeedStore.swift */ = {isa = PBXFileReference; lastKnownFileType = sourcecode.swift; path = CodableFeedStore.swift; sourceTree = "<group>"; };
		446B585028A23A25005ADF61 /* FeedStoreSpecs.swift */ = {isa = PBXFileReference; lastKnownFileType = sourcecode.swift; path = FeedStoreSpecs.swift; sourceTree = "<group>"; };
		446B585228A23A5F005ADF61 /* XCTestCase+FeedStoreSpecs.swift */ = {isa = PBXFileReference; lastKnownFileType = sourcecode.swift; path = "XCTestCase+FeedStoreSpecs.swift"; sourceTree = "<group>"; };
		446B585528A27AB4005ADF61 /* CoreDataFeedStoreTests.swift */ = {isa = PBXFileReference; lastKnownFileType = sourcecode.swift; path = CoreDataFeedStoreTests.swift; sourceTree = "<group>"; };
		446B585828A27E05005ADF61 /* CoreDataFeedStore.swift */ = {isa = PBXFileReference; lastKnownFileType = sourcecode.swift; path = CoreDataFeedStore.swift; sourceTree = "<group>"; };
		446B585B28A27E94005ADF61 /* FeedStore.xcdatamodel */ = {isa = PBXFileReference; lastKnownFileType = wrapper.xcdatamodel; path = FeedStore.xcdatamodel; sourceTree = "<group>"; };
		448C6BBE28B359B400820349 /* ErrorView.swift */ = {isa = PBXFileReference; lastKnownFileType = sourcecode.swift; path = ErrorView.swift; sourceTree = "<group>"; };
		448C6BC328B362F200820349 /* UIRefreshControl+Helpers.swift */ = {isa = PBXFileReference; lastKnownFileType = sourcecode.swift; path = "UIRefreshControl+Helpers.swift"; sourceTree = "<group>"; };
		448C6BC628B3642600820349 /* FeedPresenterTests.swift */ = {isa = PBXFileReference; lastKnownFileType = sourcecode.swift; path = FeedPresenterTests.swift; sourceTree = "<group>"; };
		448C6BCB28B36B4C00820349 /* en */ = {isa = PBXFileReference; lastKnownFileType = text.plist.strings; name = en; path = en.lproj/Feed.strings; sourceTree = "<group>"; };
		448C6BCD28B36B4D00820349 /* el */ = {isa = PBXFileReference; lastKnownFileType = text.plist.strings; name = el; path = el.lproj/Feed.strings; sourceTree = "<group>"; };
		448C6BCE28B36B4E00820349 /* pt-BR */ = {isa = PBXFileReference; lastKnownFileType = text.plist.strings; name = "pt-BR"; path = "pt-BR.lproj/Feed.strings"; sourceTree = "<group>"; };
		448C6BD028B36C1A00820349 /* FeedPresenter.swift */ = {isa = PBXFileReference; lastKnownFileType = sourcecode.swift; path = FeedPresenter.swift; sourceTree = "<group>"; };
		448C6BD328B36C5B00820349 /* FeedViewModel.swift */ = {isa = PBXFileReference; lastKnownFileType = sourcecode.swift; path = FeedViewModel.swift; sourceTree = "<group>"; };
		448C6BD528B36C6B00820349 /* FeedErrorViewModel.swift */ = {isa = PBXFileReference; lastKnownFileType = sourcecode.swift; path = FeedErrorViewModel.swift; sourceTree = "<group>"; };
		448C6BD728B36C7300820349 /* FeedLoadingViewModel.swift */ = {isa = PBXFileReference; lastKnownFileType = sourcecode.swift; path = FeedLoadingViewModel.swift; sourceTree = "<group>"; };
		448C6BDB28B36EBF00820349 /* FeedImagePresenterTests.swift */ = {isa = PBXFileReference; lastKnownFileType = sourcecode.swift; path = FeedImagePresenterTests.swift; sourceTree = "<group>"; };
		448C6BDD28B37B1000820349 /* FeedImagePresenter.swift */ = {isa = PBXFileReference; lastKnownFileType = sourcecode.swift; path = FeedImagePresenter.swift; sourceTree = "<group>"; };
		448C6BDF28B37B6400820349 /* FeedImageViewModel.swift */ = {isa = PBXFileReference; lastKnownFileType = sourcecode.swift; path = FeedImageViewModel.swift; sourceTree = "<group>"; };
		448C6BE228B39C5900820349 /* LoadFeedImageDataFromRemoteUseCaseTests.swift */ = {isa = PBXFileReference; lastKnownFileType = sourcecode.swift; path = LoadFeedImageDataFromRemoteUseCaseTests.swift; sourceTree = "<group>"; };
		448C6BE428B3C04B00820349 /* HTTPClientSpy.swift */ = {isa = PBXFileReference; lastKnownFileType = sourcecode.swift; path = HTTPClientSpy.swift; sourceTree = "<group>"; };
		448C6BE628B3C0BF00820349 /* RemoteFeedImageDataLoader.swift */ = {isa = PBXFileReference; lastKnownFileType = sourcecode.swift; path = RemoteFeedImageDataLoader.swift; sourceTree = "<group>"; };
		448C6BE928B3C6BB00820349 /* HTTPURLResponse+StatusCode.swift */ = {isa = PBXFileReference; lastKnownFileType = sourcecode.swift; path = "HTTPURLResponse+StatusCode.swift"; sourceTree = "<group>"; };
		448C6BEC28B3D0B600820349 /* URLProtocolStub.swift */ = {isa = PBXFileReference; lastKnownFileType = sourcecode.swift; path = URLProtocolStub.swift; sourceTree = "<group>"; };
		44C1F0F928A12B7100E0A129 /* CodableFeedStoreTests.swift */ = {isa = PBXFileReference; lastKnownFileType = sourcecode.swift; path = CodableFeedStoreTests.swift; sourceTree = "<group>"; };
		44C9720B289BE8DE00B6334F /* RemoteFeedItem.swift */ = {isa = PBXFileReference; lastKnownFileType = sourcecode.swift; path = RemoteFeedItem.swift; sourceTree = "<group>"; };
		44C9720F289BE91E00B6334F /* LocalFeedImage.swift */ = {isa = PBXFileReference; lastKnownFileType = sourcecode.swift; path = LocalFeedImage.swift; sourceTree = "<group>"; };
		44C97211289BF10D00B6334F /* LoadFeedFromCacheUseCaseTests.swift */ = {isa = PBXFileReference; lastKnownFileType = sourcecode.swift; path = LoadFeedFromCacheUseCaseTests.swift; sourceTree = "<group>"; };
		44C97214289BF24800B6334F /* FeedStoreSpy.swift */ = {isa = PBXFileReference; lastKnownFileType = sourcecode.swift; path = FeedStoreSpy.swift; sourceTree = "<group>"; };
		44CA46A12892D83400A083FE /* EssentialFeed.framework */ = {isa = PBXFileReference; explicitFileType = wrapper.framework; includeInIndex = 0; path = EssentialFeed.framework; sourceTree = BUILT_PRODUCTS_DIR; };
		44CA46A92892D83400A083FE /* EssentialFeedTests.xctest */ = {isa = PBXFileReference; explicitFileType = wrapper.cfbundle; includeInIndex = 0; path = EssentialFeedTests.xctest; sourceTree = BUILT_PRODUCTS_DIR; };
		44CA46B92892D88000A083FE /* FeedImage.swift */ = {isa = PBXFileReference; lastKnownFileType = sourcecode.swift; path = FeedImage.swift; sourceTree = "<group>"; };
		44CA46BB2892D8E700A083FE /* FeedLoader.swift */ = {isa = PBXFileReference; lastKnownFileType = sourcecode.swift; path = FeedLoader.swift; sourceTree = "<group>"; };
		44CFA8A528A660E400C77FE2 /* EssentialFeediOS.framework */ = {isa = PBXFileReference; explicitFileType = wrapper.framework; includeInIndex = 0; path = EssentialFeediOS.framework; sourceTree = BUILT_PRODUCTS_DIR; };
		44CFA8AC28A660E500C77FE2 /* EssentialFeediOSTests.xctest */ = {isa = PBXFileReference; explicitFileType = wrapper.cfbundle; includeInIndex = 0; path = EssentialFeediOSTests.xctest; sourceTree = BUILT_PRODUCTS_DIR; };
		44D75E0B289CF5E400A9A209 /* ValidateFeedCacheUseCaseTests.swift */ = {isa = PBXFileReference; lastKnownFileType = sourcecode.swift; path = ValidateFeedCacheUseCaseTests.swift; sourceTree = "<group>"; };
		44D75E0D289CF81200A9A209 /* FeedCache+TestHelpers.swift */ = {isa = PBXFileReference; lastKnownFileType = sourcecode.swift; path = "FeedCache+TestHelpers.swift"; sourceTree = "<group>"; };
		44D75E0F289CF87400A9A209 /* SharedTestHelpers.swift */ = {isa = PBXFileReference; lastKnownFileType = sourcecode.swift; path = SharedTestHelpers.swift; sourceTree = "<group>"; };
		44D75E11289CFE1000A9A209 /* FeedCachePolicy.swift */ = {isa = PBXFileReference; lastKnownFileType = sourcecode.swift; path = FeedCachePolicy.swift; sourceTree = "<group>"; };
		44E610DA289AA5A200E60693 /* CacheFeedUseCaseTests.swift */ = {isa = PBXFileReference; lastKnownFileType = sourcecode.swift; path = CacheFeedUseCaseTests.swift; sourceTree = "<group>"; };
		44E610DD289AB24100E60693 /* LocalFeedLoader.swift */ = {isa = PBXFileReference; lastKnownFileType = sourcecode.swift; path = LocalFeedLoader.swift; sourceTree = "<group>"; };
		44E610DF289AB27000E60693 /* FeedStore.swift */ = {isa = PBXFileReference; lastKnownFileType = sourcecode.swift; path = FeedStore.swift; sourceTree = "<group>"; };
		44EDC12928AA2CB6002B0416 /* FeedImageCell.swift */ = {isa = PBXFileReference; lastKnownFileType = sourcecode.swift; path = FeedImageCell.swift; sourceTree = "<group>"; };
		44EDC12B28AA83D4002B0416 /* UIView+Shimmering.swift */ = {isa = PBXFileReference; lastKnownFileType = sourcecode.swift; path = "UIView+Shimmering.swift"; sourceTree = "<group>"; };
		44F26B9F28AB866000AA5DB9 /* FeedImageDataLoader.swift */ = {isa = PBXFileReference; lastKnownFileType = sourcecode.swift; path = FeedImageDataLoader.swift; sourceTree = "<group>"; };
		44F26BA828AB875C00AA5DB9 /* UIImage+TestHelpers.swift */ = {isa = PBXFileReference; lastKnownFileType = sourcecode.swift; path = "UIImage+TestHelpers.swift"; sourceTree = "<group>"; };
		44F26BAA28AB877900AA5DB9 /* UIRefreshControl+TestHelpers.swift */ = {isa = PBXFileReference; lastKnownFileType = sourcecode.swift; path = "UIRefreshControl+TestHelpers.swift"; sourceTree = "<group>"; };
		44F26BAC28AB879100AA5DB9 /* UIButton+TestHelpers.swift */ = {isa = PBXFileReference; lastKnownFileType = sourcecode.swift; path = "UIButton+TestHelpers.swift"; sourceTree = "<group>"; };
		44F26BAE28AB87A700AA5DB9 /* FeedImageCell+TestHelpers.swift */ = {isa = PBXFileReference; lastKnownFileType = sourcecode.swift; path = "FeedImageCell+TestHelpers.swift"; sourceTree = "<group>"; };
		44F26BB028AB87CA00AA5DB9 /* FeedViewController+TestHelpers.swift */ = {isa = PBXFileReference; lastKnownFileType = sourcecode.swift; path = "FeedViewController+TestHelpers.swift"; sourceTree = "<group>"; };
		44F26BB428AB8AE000AA5DB9 /* FeedImageCellController.swift */ = {isa = PBXFileReference; lastKnownFileType = sourcecode.swift; path = FeedImageCellController.swift; sourceTree = "<group>"; };
		44F26BB828AB8DB900AA5DB9 /* FeedUIComposer.swift */ = {isa = PBXFileReference; lastKnownFileType = sourcecode.swift; path = FeedUIComposer.swift; sourceTree = "<group>"; };
		44F26BC728ABCBB000AA5DB9 /* Feed.storyboard */ = {isa = PBXFileReference; lastKnownFileType = file.storyboard; path = Feed.storyboard; sourceTree = "<group>"; };
		44F26BC928ABCBF300AA5DB9 /* Feed.xcassets */ = {isa = PBXFileReference; lastKnownFileType = folder.assetcatalog; path = Feed.xcassets; sourceTree = "<group>"; };
		44F26BCB28ABD27700AA5DB9 /* UItableView+dequeueing.swift */ = {isa = PBXFileReference; lastKnownFileType = sourcecode.swift; path = "UItableView+dequeueing.swift"; sourceTree = "<group>"; };
		44F26BCD28ABD33300AA5DB9 /* UIImageView+animations.swift */ = {isa = PBXFileReference; lastKnownFileType = sourcecode.swift; path = "UIImageView+animations.swift"; sourceTree = "<group>"; };
		44F26BD128ABE2A900AA5DB9 /* FeedVIewController+Localization.swift */ = {isa = PBXFileReference; lastKnownFileType = sourcecode.swift; path = "FeedVIewController+Localization.swift"; sourceTree = "<group>"; };
		44F26BDA28ABE3C900AA5DB9 /* FeedLocalizationTests.swift */ = {isa = PBXFileReference; lastKnownFileType = sourcecode.swift; path = FeedLocalizationTests.swift; sourceTree = "<group>"; };
		44FCAC792897CB5400293E68 /* LoadFeedFromRemoteUseCaseTests.swift */ = {isa = PBXFileReference; lastKnownFileType = sourcecode.swift; path = LoadFeedFromRemoteUseCaseTests.swift; sourceTree = "<group>"; };
		44FCAC7C2897D22000293E68 /* RemoteFeedLoader.swift */ = {isa = PBXFileReference; lastKnownFileType = sourcecode.swift; path = RemoteFeedLoader.swift; sourceTree = "<group>"; };
		44FCAC7E2897F5F700293E68 /* HTTPClient.swift */ = {isa = PBXFileReference; lastKnownFileType = sourcecode.swift; path = HTTPClient.swift; sourceTree = "<group>"; };
		44FCAC802897F64B00293E68 /* FeedItemsMapper.swift */ = {isa = PBXFileReference; lastKnownFileType = sourcecode.swift; path = FeedItemsMapper.swift; sourceTree = "<group>"; };
		44FCAC83289808F500293E68 /* URLSessionHTTPClientTests.swift */ = {isa = PBXFileReference; lastKnownFileType = sourcecode.swift; path = URLSessionHTTPClientTests.swift; sourceTree = "<group>"; };
/* End PBXFileReference section */

/* Begin PBXFrameworksBuildPhase section */
		444FBB0F2899544600CE44D8 /* Frameworks */ = {
			isa = PBXFrameworksBuildPhase;
			buildActionMask = 2147483647;
			files = (
				444FBB162899544600CE44D8 /* EssentialFeed.framework in Frameworks */,
			);
			runOnlyForDeploymentPostprocessing = 0;
		};
		445EFD1128A37A7E001AE8F7 /* Frameworks */ = {
			isa = PBXFrameworksBuildPhase;
			buildActionMask = 2147483647;
			files = (
				445EFD1828A37A7E001AE8F7 /* EssentialFeed.framework in Frameworks */,
			);
			runOnlyForDeploymentPostprocessing = 0;
		};
		44CA469E2892D83400A083FE /* Frameworks */ = {
			isa = PBXFrameworksBuildPhase;
			buildActionMask = 2147483647;
			files = (
			);
			runOnlyForDeploymentPostprocessing = 0;
		};
		44CA46A62892D83400A083FE /* Frameworks */ = {
			isa = PBXFrameworksBuildPhase;
			buildActionMask = 2147483647;
			files = (
				44CA46AA2892D83400A083FE /* EssentialFeed.framework in Frameworks */,
			);
			runOnlyForDeploymentPostprocessing = 0;
		};
		44CFA8A228A660E400C77FE2 /* Frameworks */ = {
			isa = PBXFrameworksBuildPhase;
			buildActionMask = 2147483647;
			files = (
				4442DE1428A90A5300FA294F /* EssentialFeed.framework in Frameworks */,
			);
			runOnlyForDeploymentPostprocessing = 0;
		};
		44CFA8A928A660E500C77FE2 /* Frameworks */ = {
			isa = PBXFrameworksBuildPhase;
			buildActionMask = 2147483647;
			files = (
				44CFA8AD28A660E500C77FE2 /* EssentialFeediOS.framework in Frameworks */,
			);
			runOnlyForDeploymentPostprocessing = 0;
		};
/* End PBXFrameworksBuildPhase section */

/* Begin PBXGroup section */
		4442DE1328A90A5300FA294F /* Frameworks */ = {
			isa = PBXGroup;
			children = (
			);
			name = Frameworks;
			sourceTree = "<group>";
		};
		444FBB0928991E9900CE44D8 /* Helpers */ = {
			isa = PBXGroup;
			children = (
				444FBB0A28991EA500CE44D8 /* XCTestCase+MemoryLeakTracking.swift */,
				44D75E0F289CF87400A9A209 /* SharedTestHelpers.swift */,
			);
			path = Helpers;
			sourceTree = "<group>";
		};
		444FBB132899544600CE44D8 /* EssentialFeedAPIEndToEndTests */ = {
			isa = PBXGroup;
			children = (
				444FBB142899544600CE44D8 /* EssentialFeedAPIEndToEndTests.swift */,
			);
			path = EssentialFeedAPIEndToEndTests;
			sourceTree = "<group>";
		};
		445EFD0828A376B3001AE8F7 /* Infrastructure */ = {
			isa = PBXGroup;
			children = (
				445EFD0928A376E0001AE8F7 /* Codable */,
				446B585728A27E01005ADF61 /* Core Data */,
			);
			path = Infrastructure;
			sourceTree = "<group>";
		};
		445EFD0928A376E0001AE8F7 /* Codable */ = {
			isa = PBXGroup;
			children = (
				446B584E28A22B6B005ADF61 /* CodableFeedStore.swift */,
			);
			path = Codable;
			sourceTree = "<group>";
		};
		445EFD1528A37A7E001AE8F7 /* EssentialFeedCacheIntegrationTests */ = {
			isa = PBXGroup;
			children = (
				445EFD1628A37A7E001AE8F7 /* EssentialFeedCacheIntegrationTests.swift */,
			);
			path = EssentialFeedCacheIntegrationTests;
			sourceTree = "<group>";
		};
		446B585428A27AA5005ADF61 /* Core Data */ = {
			isa = PBXGroup;
			children = (
				446B585528A27AB4005ADF61 /* CoreDataFeedStoreTests.swift */,
			);
			path = "Core Data";
			sourceTree = "<group>";
		};
		446B585728A27E01005ADF61 /* Core Data */ = {
			isa = PBXGroup;
			children = (
				446B585828A27E05005ADF61 /* CoreDataFeedStore.swift */,
				445EFD0A28A37706001AE8F7 /* CoreDataHelpers.swift */,
				445EFD0C28A37739001AE8F7 /* ManagedCache.swift */,
				445EFD0E28A3774A001AE8F7 /* ManagedFeedImage.swift */,
				446B585A28A27E94005ADF61 /* FeedStore.xcdatamodeld */,
			);
			path = "Core Data";
			sourceTree = "<group>";
		};
		448C6BC028B362A300820349 /* Helpers */ = {
			isa = PBXGroup;
			children = (
				44EDC12B28AA83D4002B0416 /* UIView+Shimmering.swift */,
				44F26BCB28ABD27700AA5DB9 /* UItableView+dequeueing.swift */,
				44F26BCD28ABD33300AA5DB9 /* UIImageView+animations.swift */,
				448C6BC328B362F200820349 /* UIRefreshControl+Helpers.swift */,
			);
			path = Helpers;
			sourceTree = "<group>";
		};
		448C6BC528B3640E00820349 /* Feed Presentation */ = {
			isa = PBXGroup;
			children = (
				448C6BC628B3642600820349 /* FeedPresenterTests.swift */,
				44F26BDA28ABE3C900AA5DB9 /* FeedLocalizationTests.swift */,
				448C6BDB28B36EBF00820349 /* FeedImagePresenterTests.swift */,
			);
			path = "Feed Presentation";
			sourceTree = "<group>";
		};
		448C6BCF28B36C1100820349 /* Feed Presentation */ = {
			isa = PBXGroup;
			children = (
				448C6BD028B36C1A00820349 /* FeedPresenter.swift */,
				448C6BD328B36C5B00820349 /* FeedViewModel.swift */,
				448C6BD528B36C6B00820349 /* FeedErrorViewModel.swift */,
				448C6BD728B36C7300820349 /* FeedLoadingViewModel.swift */,
				448C6BDD28B37B1000820349 /* FeedImagePresenter.swift */,
				448C6BDF28B37B6400820349 /* FeedImageViewModel.swift */,
				448C6BCC28B36B4C00820349 /* Feed.strings */,
			);
			path = "Feed Presentation";
			sourceTree = "<group>";
		};
		448C6BE828B3C6B400820349 /* Helpers */ = {
			isa = PBXGroup;
			children = (
				448C6BE928B3C6BB00820349 /* HTTPURLResponse+StatusCode.swift */,
			);
			path = Helpers;
			sourceTree = "<group>";
		};
		448C6BEB28B3D0B000820349 /* Helpers */ = {
			isa = PBXGroup;
			children = (
				448C6BEC28B3D0B600820349 /* URLProtocolStub.swift */,
				448C6BE428B3C04B00820349 /* HTTPClientSpy.swift */,
			);
			path = Helpers;
			sourceTree = "<group>";
		};
		44C97213289BF24200B6334F /* Helpers */ = {
			isa = PBXGroup;
			children = (
				44C97214289BF24800B6334F /* FeedStoreSpy.swift */,
				44D75E0D289CF81200A9A209 /* FeedCache+TestHelpers.swift */,
				4403905428B4EA0E007AD94B /* FeedImageDataStoreSpy.swift */,
			);
			path = Helpers;
			sourceTree = "<group>";
		};
		44CA46972892D83400A083FE = {
			isa = PBXGroup;
			children = (
				44CA46A32892D83400A083FE /* EssentialFeed */,
				44CA46AD2892D83400A083FE /* EssentialFeedTests */,
				444FBB132899544600CE44D8 /* EssentialFeedAPIEndToEndTests */,
				445EFD1528A37A7E001AE8F7 /* EssentialFeedCacheIntegrationTests */,
				44CFA8A628A660E400C77FE2 /* EssentialFeediOS */,
				44CFA8B028A660E500C77FE2 /* EssentialFeediOSTests */,
				44CA46A22892D83400A083FE /* Products */,
				4442DE1328A90A5300FA294F /* Frameworks */,
			);
			sourceTree = "<group>";
		};
		44CA46A22892D83400A083FE /* Products */ = {
			isa = PBXGroup;
			children = (
				44CA46A12892D83400A083FE /* EssentialFeed.framework */,
				44CA46A92892D83400A083FE /* EssentialFeedTests.xctest */,
				444FBB122899544600CE44D8 /* EssentialFeedAPIEndToEndTests.xctest */,
				445EFD1428A37A7E001AE8F7 /* EssentialFeedCacheIntegrationTests.xctest */,
				44CFA8A528A660E400C77FE2 /* EssentialFeediOS.framework */,
				44CFA8AC28A660E500C77FE2 /* EssentialFeediOSTests.xctest */,
			);
			name = Products;
			sourceTree = "<group>";
		};
		44CA46A32892D83400A083FE /* EssentialFeed */ = {
			isa = PBXGroup;
			children = (
				44CA46BD2892D98E00A083FE /* Feed Feature */,
				44FCAC7B2897D21300293E68 /* Feed API */,
				44E610DC289AB23D00E60693 /* Feed Cache */,
				448C6BCF28B36C1100820349 /* Feed Presentation */,
			);
			path = EssentialFeed;
			sourceTree = "<group>";
		};
		44CA46AD2892D83400A083FE /* EssentialFeedTests */ = {
			isa = PBXGroup;
			children = (
				444FBB0928991E9900CE44D8 /* Helpers */,
				44E610D9289AA59900E60693 /* Feed Cache */,
				44FCAC822898004E00293E68 /* Feed API */,
				448C6BC528B3640E00820349 /* Feed Presentation */,
			);
			path = EssentialFeedTests;
			sourceTree = "<group>";
		};
		44CA46BD2892D98E00A083FE /* Feed Feature */ = {
			isa = PBXGroup;
			children = (
				44CA46B92892D88000A083FE /* FeedImage.swift */,
				44CA46BB2892D8E700A083FE /* FeedLoader.swift */,
				44F26B9F28AB866000AA5DB9 /* FeedImageDataLoader.swift */,
			);
			path = "Feed Feature";
			sourceTree = "<group>";
		};
		44CFA8A628A660E400C77FE2 /* EssentialFeediOS */ = {
			isa = PBXGroup;
			children = (
				44F26BA128AB86D000AA5DB9 /* Feed UI */,
			);
			path = EssentialFeediOS;
			sourceTree = "<group>";
		};
		44CFA8B028A660E500C77FE2 /* EssentialFeediOSTests */ = {
			isa = PBXGroup;
			children = (
				44F26BA528AB86F400AA5DB9 /* Feed UI */,
			);
			path = EssentialFeediOSTests;
			sourceTree = "<group>";
		};
		44E610D9289AA59900E60693 /* Feed Cache */ = {
			isa = PBXGroup;
			children = (
				44C97213289BF24200B6334F /* Helpers */,
				44E610DA289AA5A200E60693 /* CacheFeedUseCaseTests.swift */,
				44C97211289BF10D00B6334F /* LoadFeedFromCacheUseCaseTests.swift */,
				44D75E0B289CF5E400A9A209 /* ValidateFeedCacheUseCaseTests.swift */,
				44C1F0F928A12B7100E0A129 /* CodableFeedStoreTests.swift */,
				446B585228A23A5F005ADF61 /* XCTestCase+FeedStoreSpecs.swift */,
				446B585028A23A25005ADF61 /* FeedStoreSpecs.swift */,
				4403904C28B49267007AD94B /* LoadFeedImageDataFromCacheUseCaseTests.swift */,
				446B585428A27AA5005ADF61 /* Core Data */,
			);
			path = "Feed Cache";
			sourceTree = "<group>";
		};
		44E610DC289AB23D00E60693 /* Feed Cache */ = {
			isa = PBXGroup;
			children = (
				445EFD0828A376B3001AE8F7 /* Infrastructure */,
				44E610DD289AB24100E60693 /* LocalFeedLoader.swift */,
				44D75E11289CFE1000A9A209 /* FeedCachePolicy.swift */,
				44C9720F289BE91E00B6334F /* LocalFeedImage.swift */,
				44E610DF289AB27000E60693 /* FeedStore.swift */,
				4403904E28B4AE3D007AD94B /* FeedImageDataStore.swift */,
				4403905028B4AE4F007AD94B /* LocalFeedImageDataLoader.swift */,
			);
			path = "Feed Cache";
			sourceTree = "<group>";
		};
		44F26BA128AB86D000AA5DB9 /* Feed UI */ = {
			isa = PBXGroup;
			children = (
				44F26BB728AB8DB500AA5DB9 /* Composers */,
				44F26BA228AB86D300AA5DB9 /* Controllers */,
				44F26BA328AB86DD00AA5DB9 /* Views */,
			);
			path = "Feed UI";
			sourceTree = "<group>";
		};
		44F26BA228AB86D300AA5DB9 /* Controllers */ = {
			isa = PBXGroup;
			children = (
				4442DE1A28A9105F00FA294F /* FeedViewController.swift */,
				44F26BB428AB8AE000AA5DB9 /* FeedImageCellController.swift */,
			);
			path = Controllers;
			sourceTree = "<group>";
		};
		44F26BA328AB86DD00AA5DB9 /* Views */ = {
			isa = PBXGroup;
			children = (
				448C6BC028B362A300820349 /* Helpers */,
				44F26BC728ABCBB000AA5DB9 /* Feed.storyboard */,
				44F26BC928ABCBF300AA5DB9 /* Feed.xcassets */,
				44EDC12928AA2CB6002B0416 /* FeedImageCell.swift */,
				448C6BBE28B359B400820349 /* ErrorView.swift */,
			);
			path = Views;
			sourceTree = "<group>";
		};
		44F26BA528AB86F400AA5DB9 /* Feed UI */ = {
			isa = PBXGroup;
			children = (
				44F26BA728AB86FC00AA5DB9 /* Helpers */,
				4442DE1128A685D300FA294F /* FeedUIIntegrationTests.swift */,
			);
			path = "Feed UI";
			sourceTree = "<group>";
		};
		44F26BA728AB86FC00AA5DB9 /* Helpers */ = {
			isa = PBXGroup;
			children = (
				44F26BA828AB875C00AA5DB9 /* UIImage+TestHelpers.swift */,
				44F26BAA28AB877900AA5DB9 /* UIRefreshControl+TestHelpers.swift */,
				44F26BAC28AB879100AA5DB9 /* UIButton+TestHelpers.swift */,
				44F26BB028AB87CA00AA5DB9 /* FeedViewController+TestHelpers.swift */,
				44F26BAE28AB87A700AA5DB9 /* FeedImageCell+TestHelpers.swift */,
				44F26BD128ABE2A900AA5DB9 /* FeedVIewController+Localization.swift */,
			);
			path = Helpers;
			sourceTree = "<group>";
		};
		44F26BB728AB8DB500AA5DB9 /* Composers */ = {
			isa = PBXGroup;
			children = (
				44F26BB828AB8DB900AA5DB9 /* FeedUIComposer.swift */,
				44100FB228AE2DC400BCE019 /* FeedLoaderPresentationAdapter.swift */,
				44100FB028AE2DB200BCE019 /* FeedImageDataLoaderPresentationAdapter.swift */,
				44100FAE28AE2D9C00BCE019 /* FeedViewAdapter.swift */,
				44100FAC28AE2D7A00BCE019 /* WeakRefVirtualProxy.swift */,
				44100FAA28AE2D1800BCE019 /* MainQueueDispatchDecorator.swift */,
			);
			path = Composers;
			sourceTree = "<group>";
		};
		44FCAC7B2897D21300293E68 /* Feed API */ = {
			isa = PBXGroup;
			children = (
				448C6BE828B3C6B400820349 /* Helpers */,
				44FCAC7C2897D22000293E68 /* RemoteFeedLoader.swift */,
				44FCAC802897F64B00293E68 /* FeedItemsMapper.swift */,
				44C9720B289BE8DE00B6334F /* RemoteFeedItem.swift */,
				44FCAC7E2897F5F700293E68 /* HTTPClient.swift */,
				444FBB0C2899390300CE44D8 /* URLSessionHTTPClient.swift */,
				448C6BE628B3C0BF00820349 /* RemoteFeedImageDataLoader.swift */,
			);
			path = "Feed API";
			sourceTree = "<group>";
		};
		44FCAC822898004E00293E68 /* Feed API */ = {
			isa = PBXGroup;
			children = (
				448C6BEB28B3D0B000820349 /* Helpers */,
				44FCAC792897CB5400293E68 /* LoadFeedFromRemoteUseCaseTests.swift */,
				44FCAC83289808F500293E68 /* URLSessionHTTPClientTests.swift */,
				448C6BE228B39C5900820349 /* LoadFeedImageDataFromRemoteUseCaseTests.swift */,
			);
			path = "Feed API";
			sourceTree = "<group>";
		};
/* End PBXGroup section */

/* Begin PBXHeadersBuildPhase section */
		44CA469C2892D83400A083FE /* Headers */ = {
			isa = PBXHeadersBuildPhase;
			buildActionMask = 2147483647;
			files = (
			);
			runOnlyForDeploymentPostprocessing = 0;
		};
		44CFA8A028A660E400C77FE2 /* Headers */ = {
			isa = PBXHeadersBuildPhase;
			buildActionMask = 2147483647;
			files = (
			);
			runOnlyForDeploymentPostprocessing = 0;
		};
/* End PBXHeadersBuildPhase section */

/* Begin PBXNativeTarget section */
		444FBB112899544600CE44D8 /* EssentialFeedAPIEndToEndTests */ = {
			isa = PBXNativeTarget;
			buildConfigurationList = 444FBB192899544600CE44D8 /* Build configuration list for PBXNativeTarget "EssentialFeedAPIEndToEndTests" */;
			buildPhases = (
				444FBB0E2899544600CE44D8 /* Sources */,
				444FBB0F2899544600CE44D8 /* Frameworks */,
				444FBB102899544600CE44D8 /* Resources */,
			);
			buildRules = (
			);
			dependencies = (
				444FBB182899544600CE44D8 /* PBXTargetDependency */,
			);
			name = EssentialFeedAPIEndToEndTests;
			productName = EssentialFeedAPIEndToEndTests;
			productReference = 444FBB122899544600CE44D8 /* EssentialFeedAPIEndToEndTests.xctest */;
			productType = "com.apple.product-type.bundle.unit-test";
		};
		445EFD1328A37A7E001AE8F7 /* EssentialFeedCacheIntegrationTests */ = {
			isa = PBXNativeTarget;
			buildConfigurationList = 445EFD1B28A37A7E001AE8F7 /* Build configuration list for PBXNativeTarget "EssentialFeedCacheIntegrationTests" */;
			buildPhases = (
				445EFD1028A37A7E001AE8F7 /* Sources */,
				445EFD1128A37A7E001AE8F7 /* Frameworks */,
				445EFD1228A37A7E001AE8F7 /* Resources */,
			);
			buildRules = (
			);
			dependencies = (
				445EFD1A28A37A7E001AE8F7 /* PBXTargetDependency */,
			);
			name = EssentialFeedCacheIntegrationTests;
			productName = EssentialFeedCacheIntegrationTests;
			productReference = 445EFD1428A37A7E001AE8F7 /* EssentialFeedCacheIntegrationTests.xctest */;
			productType = "com.apple.product-type.bundle.unit-test";
		};
		44CA46A02892D83400A083FE /* EssentialFeed */ = {
			isa = PBXNativeTarget;
			buildConfigurationList = 44CA46B32892D83400A083FE /* Build configuration list for PBXNativeTarget "EssentialFeed" */;
			buildPhases = (
				44CA469C2892D83400A083FE /* Headers */,
				44CA469D2892D83400A083FE /* Sources */,
				44CA469E2892D83400A083FE /* Frameworks */,
				44CA469F2892D83400A083FE /* Resources */,
			);
			buildRules = (
			);
			dependencies = (
			);
			name = EssentialFeed;
			productName = EssentialFeed;
			productReference = 44CA46A12892D83400A083FE /* EssentialFeed.framework */;
			productType = "com.apple.product-type.framework";
		};
		44CA46A82892D83400A083FE /* EssentialFeedTests */ = {
			isa = PBXNativeTarget;
			buildConfigurationList = 44CA46B62892D83400A083FE /* Build configuration list for PBXNativeTarget "EssentialFeedTests" */;
			buildPhases = (
				44CA46A52892D83400A083FE /* Sources */,
				44CA46A62892D83400A083FE /* Frameworks */,
				44CA46A72892D83400A083FE /* Resources */,
			);
			buildRules = (
			);
			dependencies = (
				44CA46AC2892D83400A083FE /* PBXTargetDependency */,
			);
			name = EssentialFeedTests;
			productName = EssentialFeedTests;
			productReference = 44CA46A92892D83400A083FE /* EssentialFeedTests.xctest */;
			productType = "com.apple.product-type.bundle.unit-test";
		};
		44CFA8A428A660E400C77FE2 /* EssentialFeediOS */ = {
			isa = PBXNativeTarget;
			buildConfigurationList = 44CFA8B428A660E500C77FE2 /* Build configuration list for PBXNativeTarget "EssentialFeediOS" */;
			buildPhases = (
				44CFA8A028A660E400C77FE2 /* Headers */,
				44CFA8A128A660E400C77FE2 /* Sources */,
				44CFA8A228A660E400C77FE2 /* Frameworks */,
				44CFA8A328A660E400C77FE2 /* Resources */,
				4442DE1828A90A5300FA294F /* Embed Frameworks */,
			);
			buildRules = (
			);
			dependencies = (
				4442DE1728A90A5300FA294F /* PBXTargetDependency */,
			);
			name = EssentialFeediOS;
			productName = EssentialFeediOS;
			productReference = 44CFA8A528A660E400C77FE2 /* EssentialFeediOS.framework */;
			productType = "com.apple.product-type.framework";
		};
		44CFA8AB28A660E500C77FE2 /* EssentialFeediOSTests */ = {
			isa = PBXNativeTarget;
			buildConfigurationList = 44CFA8B728A660E500C77FE2 /* Build configuration list for PBXNativeTarget "EssentialFeediOSTests" */;
			buildPhases = (
				44CFA8A828A660E500C77FE2 /* Sources */,
				44CFA8A928A660E500C77FE2 /* Frameworks */,
				44CFA8AA28A660E500C77FE2 /* Resources */,
			);
			buildRules = (
			);
			dependencies = (
				44CFA8AF28A660E500C77FE2 /* PBXTargetDependency */,
			);
			name = EssentialFeediOSTests;
			productName = EssentialFeediOSTests;
			productReference = 44CFA8AC28A660E500C77FE2 /* EssentialFeediOSTests.xctest */;
			productType = "com.apple.product-type.bundle.unit-test";
		};
/* End PBXNativeTarget section */

/* Begin PBXProject section */
		44CA46982892D83400A083FE /* Project object */ = {
			isa = PBXProject;
			attributes = {
				BuildIndependentTargetsInParallel = 1;
				LastSwiftUpdateCheck = 1320;
				LastUpgradeCheck = 1320;
				TargetAttributes = {
					444FBB112899544600CE44D8 = {
						CreatedOnToolsVersion = 13.2.1;
					};
					445EFD1328A37A7E001AE8F7 = {
						CreatedOnToolsVersion = 13.2.1;
					};
					44CA46A02892D83400A083FE = {
						CreatedOnToolsVersion = 13.2.1;
						LastSwiftMigration = 1320;
					};
					44CA46A82892D83400A083FE = {
						CreatedOnToolsVersion = 13.2.1;
						LastSwiftMigration = 1320;
					};
					44CFA8A428A660E400C77FE2 = {
						CreatedOnToolsVersion = 13.2.1;
						LastSwiftMigration = 1320;
					};
					44CFA8AB28A660E500C77FE2 = {
						CreatedOnToolsVersion = 13.2.1;
						LastSwiftMigration = 1320;
					};
				};
			};
			buildConfigurationList = 44CA469B2892D83400A083FE /* Build configuration list for PBXProject "EssentialFeed" */;
			compatibilityVersion = "Xcode 13.0";
			developmentRegion = en;
			hasScannedForEncodings = 0;
			knownRegions = (
				en,
				Base,
				"pt-BR",
				el,
			);
			mainGroup = 44CA46972892D83400A083FE;
			productRefGroup = 44CA46A22892D83400A083FE /* Products */;
			projectDirPath = "";
			projectRoot = "";
			targets = (
				44CA46A02892D83400A083FE /* EssentialFeed */,
				44CA46A82892D83400A083FE /* EssentialFeedTests */,
				444FBB112899544600CE44D8 /* EssentialFeedAPIEndToEndTests */,
				445EFD1328A37A7E001AE8F7 /* EssentialFeedCacheIntegrationTests */,
				44CFA8A428A660E400C77FE2 /* EssentialFeediOS */,
				44CFA8AB28A660E500C77FE2 /* EssentialFeediOSTests */,
			);
		};
/* End PBXProject section */

/* Begin PBXResourcesBuildPhase section */
		444FBB102899544600CE44D8 /* Resources */ = {
			isa = PBXResourcesBuildPhase;
			buildActionMask = 2147483647;
			files = (
			);
			runOnlyForDeploymentPostprocessing = 0;
		};
		445EFD1228A37A7E001AE8F7 /* Resources */ = {
			isa = PBXResourcesBuildPhase;
			buildActionMask = 2147483647;
			files = (
			);
			runOnlyForDeploymentPostprocessing = 0;
		};
		44CA469F2892D83400A083FE /* Resources */ = {
			isa = PBXResourcesBuildPhase;
			buildActionMask = 2147483647;
			files = (
				448C6BD228B36C5300820349 /* Feed.strings in Resources */,
			);
			runOnlyForDeploymentPostprocessing = 0;
		};
		44CA46A72892D83400A083FE /* Resources */ = {
			isa = PBXResourcesBuildPhase;
			buildActionMask = 2147483647;
			files = (
			);
			runOnlyForDeploymentPostprocessing = 0;
		};
		44CFA8A328A660E400C77FE2 /* Resources */ = {
			isa = PBXResourcesBuildPhase;
			buildActionMask = 2147483647;
			files = (
				44F26BC828ABCBB000AA5DB9 /* Feed.storyboard in Resources */,
				44F26BCA28ABCBF300AA5DB9 /* Feed.xcassets in Resources */,
			);
			runOnlyForDeploymentPostprocessing = 0;
		};
		44CFA8AA28A660E500C77FE2 /* Resources */ = {
			isa = PBXResourcesBuildPhase;
			buildActionMask = 2147483647;
			files = (
			);
			runOnlyForDeploymentPostprocessing = 0;
		};
/* End PBXResourcesBuildPhase section */

/* Begin PBXSourcesBuildPhase section */
		444FBB0E2899544600CE44D8 /* Sources */ = {
			isa = PBXSourcesBuildPhase;
			buildActionMask = 2147483647;
			files = (
				444FBB152899544600CE44D8 /* EssentialFeedAPIEndToEndTests.swift in Sources */,
				444FBB1C289957D300CE44D8 /* XCTestCase+MemoryLeakTracking.swift in Sources */,
			);
			runOnlyForDeploymentPostprocessing = 0;
		};
		445EFD1028A37A7E001AE8F7 /* Sources */ = {
			isa = PBXSourcesBuildPhase;
			buildActionMask = 2147483647;
			files = (
				445EFD2028A37CEA001AE8F7 /* SharedTestHelpers.swift in Sources */,
				445EFD1F28A37C7B001AE8F7 /* FeedCache+TestHelpers.swift in Sources */,
				445EFD1728A37A7E001AE8F7 /* EssentialFeedCacheIntegrationTests.swift in Sources */,
				445EFD1E28A37C02001AE8F7 /* XCTestCase+MemoryLeakTracking.swift in Sources */,
			);
			runOnlyForDeploymentPostprocessing = 0;
		};
		44CA469D2892D83400A083FE /* Sources */ = {
			isa = PBXSourcesBuildPhase;
			buildActionMask = 2147483647;
			files = (
				445EFD0B28A37706001AE8F7 /* CoreDataHelpers.swift in Sources */,
				44FCAC812897F64B00293E68 /* FeedItemsMapper.swift in Sources */,
				44CA46BC2892D8E700A083FE /* FeedLoader.swift in Sources */,
				44C9720C289BE8DE00B6334F /* RemoteFeedItem.swift in Sources */,
				44D75E12289CFE1000A9A209 /* FeedCachePolicy.swift in Sources */,
				44FCAC7D2897D22000293E68 /* RemoteFeedLoader.swift in Sources */,
				448C6BDE28B37B1000820349 /* FeedImagePresenter.swift in Sources */,
				446B585C28A27E94005ADF61 /* FeedStore.xcdatamodeld in Sources */,
				448C6BD828B36C7300820349 /* FeedLoadingViewModel.swift in Sources */,
				44C97210289BE91E00B6334F /* LocalFeedImage.swift in Sources */,
				448C6BD428B36C5B00820349 /* FeedViewModel.swift in Sources */,
				44E610E0289AB27000E60693 /* FeedStore.swift in Sources */,
				448C6BE128B39BA100820349 /* FeedImageDataLoader.swift in Sources */,
				44E610DE289AB24100E60693 /* LocalFeedLoader.swift in Sources */,
				446B584F28A22B6B005ADF61 /* CodableFeedStore.swift in Sources */,
				44FCAC7F2897F5F700293E68 /* HTTPClient.swift in Sources */,
				4403904F28B4AE3D007AD94B /* FeedImageDataStore.swift in Sources */,
				448C6BEA28B3C6BB00820349 /* HTTPURLResponse+StatusCode.swift in Sources */,
				44CA46BA2892D88000A083FE /* FeedImage.swift in Sources */,
				444FBB0D2899390300CE44D8 /* URLSessionHTTPClient.swift in Sources */,
				445EFD0D28A37739001AE8F7 /* ManagedCache.swift in Sources */,
				448C6BD628B36C6B00820349 /* FeedErrorViewModel.swift in Sources */,
				448C6BE028B37B6400820349 /* FeedImageViewModel.swift in Sources */,
				448C6BE728B3C0BF00820349 /* RemoteFeedImageDataLoader.swift in Sources */,
				4403905128B4AE4F007AD94B /* LocalFeedImageDataLoader.swift in Sources */,
				446B585928A27E05005ADF61 /* CoreDataFeedStore.swift in Sources */,
				448C6BD928B36C8700820349 /* FeedPresenter.swift in Sources */,
				445EFD0F28A3774A001AE8F7 /* ManagedFeedImage.swift in Sources */,
			);
			runOnlyForDeploymentPostprocessing = 0;
		};
		44CA46A52892D83400A083FE /* Sources */ = {
			isa = PBXSourcesBuildPhase;
			buildActionMask = 2147483647;
			files = (
				44C1F0FA28A12B7100E0A129 /* CodableFeedStoreTests.swift in Sources */,
				446B585628A27AB4005ADF61 /* CoreDataFeedStoreTests.swift in Sources */,
				44D75E0C289CF5E400A9A209 /* ValidateFeedCacheUseCaseTests.swift in Sources */,
				44FCAC7A2897CB5400293E68 /* LoadFeedFromRemoteUseCaseTests.swift in Sources */,
				4403904D28B49267007AD94B /* LoadFeedImageDataFromCacheUseCaseTests.swift in Sources */,
				448C6BC728B3642600820349 /* FeedPresenterTests.swift in Sources */,
				44FCAC84289808F500293E68 /* URLSessionHTTPClientTests.swift in Sources */,
				44C97215289BF24800B6334F /* FeedStoreSpy.swift in Sources */,
				448C6BE528B3C04B00820349 /* HTTPClientSpy.swift in Sources */,
				448C6BE328B39C5900820349 /* LoadFeedImageDataFromRemoteUseCaseTests.swift in Sources */,
				44D75E0E289CF81200A9A209 /* FeedCache+TestHelpers.swift in Sources */,
				448C6BDA28B36E0E00820349 /* FeedLocalizationTests.swift in Sources */,
				44D75E10289CF87400A9A209 /* SharedTestHelpers.swift in Sources */,
				448C6BDC28B36EBF00820349 /* FeedImagePresenterTests.swift in Sources */,
				44E610DB289AA5A200E60693 /* CacheFeedUseCaseTests.swift in Sources */,
				44C97212289BF10D00B6334F /* LoadFeedFromCacheUseCaseTests.swift in Sources */,
				448C6BED28B3D0B600820349 /* URLProtocolStub.swift in Sources */,
				446B585128A23A25005ADF61 /* FeedStoreSpecs.swift in Sources */,
				444FBB0B28991EA500CE44D8 /* XCTestCase+MemoryLeakTracking.swift in Sources */,
				4403905528B4EA0E007AD94B /* FeedImageDataStoreSpy.swift in Sources */,
				446B585328A23A5F005ADF61 /* XCTestCase+FeedStoreSpecs.swift in Sources */,
			);
			runOnlyForDeploymentPostprocessing = 0;
		};
		44CFA8A128A660E400C77FE2 /* Sources */ = {
			isa = PBXSourcesBuildPhase;
			buildActionMask = 2147483647;
			files = (
				448C6BC428B362F200820349 /* UIRefreshControl+Helpers.swift in Sources */,
				44F26BCE28ABD33300AA5DB9 /* UIImageView+animations.swift in Sources */,
				44EDC12C28AA83D4002B0416 /* UIView+Shimmering.swift in Sources */,
				44100FAF28AE2D9C00BCE019 /* FeedViewAdapter.swift in Sources */,
				44100FB328AE2DC400BCE019 /* FeedLoaderPresentationAdapter.swift in Sources */,
				448C6BBF28B359B400820349 /* ErrorView.swift in Sources */,
				44100FAB28AE2D1800BCE019 /* MainQueueDispatchDecorator.swift in Sources */,
				44F26BCC28ABD27700AA5DB9 /* UItableView+dequeueing.swift in Sources */,
				4442DE1B28A9105F00FA294F /* FeedViewController.swift in Sources */,
				44EDC12A28AA2CB6002B0416 /* FeedImageCell.swift in Sources */,
				44100FB128AE2DB200BCE019 /* FeedImageDataLoaderPresentationAdapter.swift in Sources */,
				44F26BB528AB8AE000AA5DB9 /* FeedImageCellController.swift in Sources */,
				44100FAD28AE2D7A00BCE019 /* WeakRefVirtualProxy.swift in Sources */,
				44F26BB928AB8DB900AA5DB9 /* FeedUIComposer.swift in Sources */,
			);
			runOnlyForDeploymentPostprocessing = 0;
		};
		44CFA8A828A660E500C77FE2 /* Sources */ = {
			isa = PBXSourcesBuildPhase;
			buildActionMask = 2147483647;
			files = (
				4442DE1228A685D300FA294F /* FeedUIIntegrationTests.swift in Sources */,
				44F26BAF28AB87A700AA5DB9 /* FeedImageCell+TestHelpers.swift in Sources */,
				44F26BAD28AB879100AA5DB9 /* UIButton+TestHelpers.swift in Sources */,
				44F26BAB28AB877900AA5DB9 /* UIRefreshControl+TestHelpers.swift in Sources */,
				44F26BB128AB87CA00AA5DB9 /* FeedViewController+TestHelpers.swift in Sources */,
				4442DE1928A90AA200FA294F /* XCTestCase+MemoryLeakTracking.swift in Sources */,
				44F26BA928AB875C00AA5DB9 /* UIImage+TestHelpers.swift in Sources */,
				44F26BD228ABE2A900AA5DB9 /* FeedVIewController+Localization.swift in Sources */,
			);
			runOnlyForDeploymentPostprocessing = 0;
		};
/* End PBXSourcesBuildPhase section */

/* Begin PBXTargetDependency section */
		4442DE1728A90A5300FA294F /* PBXTargetDependency */ = {
			isa = PBXTargetDependency;
			platformFilter = ios;
			target = 44CA46A02892D83400A083FE /* EssentialFeed */;
			targetProxy = 4442DE1628A90A5300FA294F /* PBXContainerItemProxy */;
		};
		444FBB182899544600CE44D8 /* PBXTargetDependency */ = {
			isa = PBXTargetDependency;
			target = 44CA46A02892D83400A083FE /* EssentialFeed */;
			targetProxy = 444FBB172899544600CE44D8 /* PBXContainerItemProxy */;
		};
		445EFD1A28A37A7E001AE8F7 /* PBXTargetDependency */ = {
			isa = PBXTargetDependency;
			target = 44CA46A02892D83400A083FE /* EssentialFeed */;
			targetProxy = 445EFD1928A37A7E001AE8F7 /* PBXContainerItemProxy */;
		};
		44CA46AC2892D83400A083FE /* PBXTargetDependency */ = {
			isa = PBXTargetDependency;
			target = 44CA46A02892D83400A083FE /* EssentialFeed */;
			targetProxy = 44CA46AB2892D83400A083FE /* PBXContainerItemProxy */;
		};
		44CFA8AF28A660E500C77FE2 /* PBXTargetDependency */ = {
			isa = PBXTargetDependency;
			target = 44CFA8A428A660E400C77FE2 /* EssentialFeediOS */;
			targetProxy = 44CFA8AE28A660E500C77FE2 /* PBXContainerItemProxy */;
		};
/* End PBXTargetDependency section */

/* Begin PBXVariantGroup section */
		448C6BCC28B36B4C00820349 /* Feed.strings */ = {
			isa = PBXVariantGroup;
			children = (
				448C6BCB28B36B4C00820349 /* en */,
				448C6BCD28B36B4D00820349 /* el */,
				448C6BCE28B36B4E00820349 /* pt-BR */,
			);
			name = Feed.strings;
			sourceTree = "<group>";
		};
/* End PBXVariantGroup section */

/* Begin XCBuildConfiguration section */
		444FBB1A2899544600CE44D8 /* Debug */ = {
			isa = XCBuildConfiguration;
			buildSettings = {
				CODE_SIGN_STYLE = Automatic;
				CURRENT_PROJECT_VERSION = 1;
				DEVELOPMENT_TEAM = LCF23C4C8B;
				GENERATE_INFOPLIST_FILE = YES;
				MARKETING_VERSION = 1.0;
				PRODUCT_BUNDLE_IDENTIFIER = com.IslomBabaev.EssentialFeedAPIEndToEndTests;
				PRODUCT_NAME = "$(TARGET_NAME)";
				SUPPORTED_PLATFORMS = "macosx iphonesimulator iphoneos";
				SWIFT_EMIT_LOC_STRINGS = NO;
				SWIFT_VERSION = 5.0;
			};
			name = Debug;
		};
		444FBB1B2899544600CE44D8 /* Release */ = {
			isa = XCBuildConfiguration;
			buildSettings = {
				CODE_SIGN_STYLE = Automatic;
				CURRENT_PROJECT_VERSION = 1;
				DEVELOPMENT_TEAM = LCF23C4C8B;
				GENERATE_INFOPLIST_FILE = YES;
				MARKETING_VERSION = 1.0;
				PRODUCT_BUNDLE_IDENTIFIER = com.IslomBabaev.EssentialFeedAPIEndToEndTests;
				PRODUCT_NAME = "$(TARGET_NAME)";
				SUPPORTED_PLATFORMS = "macosx iphonesimulator iphoneos";
				SWIFT_EMIT_LOC_STRINGS = NO;
				SWIFT_VERSION = 5.0;
			};
			name = Release;
		};
		445EFD1C28A37A7E001AE8F7 /* Debug */ = {
			isa = XCBuildConfiguration;
			buildSettings = {
				ALLOW_TARGET_PLATFORM_SPECIALIZATION = YES;
				CODE_SIGN_STYLE = Automatic;
				CURRENT_PROJECT_VERSION = 1;
				DEVELOPMENT_TEAM = LCF23C4C8B;
				GENERATE_INFOPLIST_FILE = YES;
				MARKETING_VERSION = 1.0;
				PRODUCT_BUNDLE_IDENTIFIER = com.IslomBabaev.EssentialFeedCacheIntegrationTests;
				PRODUCT_NAME = "$(TARGET_NAME)";
				SUPPORTED_PLATFORMS = "macosx iphoneos iphonesimulator";
				SUPPORTS_MACCATALYST = YES;
				SWIFT_EMIT_LOC_STRINGS = NO;
				SWIFT_VERSION = 5.0;
			};
			name = Debug;
		};
		445EFD1D28A37A7E001AE8F7 /* Release */ = {
			isa = XCBuildConfiguration;
			buildSettings = {
				ALLOW_TARGET_PLATFORM_SPECIALIZATION = YES;
				CODE_SIGN_STYLE = Automatic;
				CURRENT_PROJECT_VERSION = 1;
				DEVELOPMENT_TEAM = LCF23C4C8B;
				GENERATE_INFOPLIST_FILE = YES;
				MARKETING_VERSION = 1.0;
				PRODUCT_BUNDLE_IDENTIFIER = com.IslomBabaev.EssentialFeedCacheIntegrationTests;
				PRODUCT_NAME = "$(TARGET_NAME)";
				SUPPORTED_PLATFORMS = "macosx iphoneos iphonesimulator";
				SUPPORTS_MACCATALYST = YES;
				SWIFT_EMIT_LOC_STRINGS = NO;
				SWIFT_VERSION = 5.0;
			};
			name = Release;
		};
		44CA46B12892D83400A083FE /* Debug */ = {
			isa = XCBuildConfiguration;
			buildSettings = {
				ALWAYS_SEARCH_USER_PATHS = NO;
				CLANG_ANALYZER_LOCALIZABILITY_NONLOCALIZED = YES;
				CLANG_ANALYZER_NONNULL = YES;
				CLANG_ANALYZER_NUMBER_OBJECT_CONVERSION = YES_AGGRESSIVE;
				CLANG_CXX_LANGUAGE_STANDARD = "gnu++17";
				CLANG_CXX_LIBRARY = "libc++";
				CLANG_ENABLE_MODULES = YES;
				CLANG_ENABLE_OBJC_ARC = YES;
				CLANG_ENABLE_OBJC_WEAK = YES;
				CLANG_WARN_BLOCK_CAPTURE_AUTORELEASING = YES;
				CLANG_WARN_BOOL_CONVERSION = YES;
				CLANG_WARN_COMMA = YES;
				CLANG_WARN_CONSTANT_CONVERSION = YES;
				CLANG_WARN_DEPRECATED_OBJC_IMPLEMENTATIONS = YES;
				CLANG_WARN_DIRECT_OBJC_ISA_USAGE = YES_ERROR;
				CLANG_WARN_DOCUMENTATION_COMMENTS = YES;
				CLANG_WARN_EMPTY_BODY = YES;
				CLANG_WARN_ENUM_CONVERSION = YES;
				CLANG_WARN_INFINITE_RECURSION = YES;
				CLANG_WARN_INT_CONVERSION = YES;
				CLANG_WARN_NON_LITERAL_NULL_CONVERSION = YES;
				CLANG_WARN_OBJC_IMPLICIT_RETAIN_SELF = YES;
				CLANG_WARN_OBJC_LITERAL_CONVERSION = YES;
				CLANG_WARN_OBJC_ROOT_CLASS = YES_ERROR;
				CLANG_WARN_QUOTED_INCLUDE_IN_FRAMEWORK_HEADER = YES;
				CLANG_WARN_RANGE_LOOP_ANALYSIS = YES;
				CLANG_WARN_STRICT_PROTOTYPES = YES;
				CLANG_WARN_SUSPICIOUS_MOVE = YES;
				CLANG_WARN_UNGUARDED_AVAILABILITY = YES_AGGRESSIVE;
				CLANG_WARN_UNREACHABLE_CODE = YES;
				CLANG_WARN__DUPLICATE_METHOD_MATCH = YES;
				COPY_PHASE_STRIP = NO;
				CURRENT_PROJECT_VERSION = 1;
				DEBUG_INFORMATION_FORMAT = dwarf;
				ENABLE_STRICT_OBJC_MSGSEND = YES;
				ENABLE_TESTABILITY = YES;
				GCC_C_LANGUAGE_STANDARD = gnu11;
				GCC_DYNAMIC_NO_PIC = NO;
				GCC_NO_COMMON_BLOCKS = YES;
				GCC_OPTIMIZATION_LEVEL = 0;
				GCC_PREPROCESSOR_DEFINITIONS = (
					"DEBUG=1",
					"$(inherited)",
				);
				GCC_WARN_64_TO_32_BIT_CONVERSION = YES;
				GCC_WARN_ABOUT_RETURN_TYPE = YES_ERROR;
				GCC_WARN_UNDECLARED_SELECTOR = YES;
				GCC_WARN_UNINITIALIZED_AUTOS = YES_AGGRESSIVE;
				GCC_WARN_UNUSED_FUNCTION = YES;
				GCC_WARN_UNUSED_VARIABLE = YES;
				MACOSX_DEPLOYMENT_TARGET = 12.1;
				MTL_ENABLE_DEBUG_INFO = INCLUDE_SOURCE;
				MTL_FAST_MATH = YES;
				ONLY_ACTIVE_ARCH = YES;
				SDKROOT = macosx;
				SWIFT_ACTIVE_COMPILATION_CONDITIONS = DEBUG;
				SWIFT_OPTIMIZATION_LEVEL = "-Onone";
				VERSIONING_SYSTEM = "apple-generic";
				VERSION_INFO_PREFIX = "";
			};
			name = Debug;
		};
		44CA46B22892D83400A083FE /* Release */ = {
			isa = XCBuildConfiguration;
			buildSettings = {
				ALWAYS_SEARCH_USER_PATHS = NO;
				CLANG_ANALYZER_LOCALIZABILITY_NONLOCALIZED = YES;
				CLANG_ANALYZER_NONNULL = YES;
				CLANG_ANALYZER_NUMBER_OBJECT_CONVERSION = YES_AGGRESSIVE;
				CLANG_CXX_LANGUAGE_STANDARD = "gnu++17";
				CLANG_CXX_LIBRARY = "libc++";
				CLANG_ENABLE_MODULES = YES;
				CLANG_ENABLE_OBJC_ARC = YES;
				CLANG_ENABLE_OBJC_WEAK = YES;
				CLANG_WARN_BLOCK_CAPTURE_AUTORELEASING = YES;
				CLANG_WARN_BOOL_CONVERSION = YES;
				CLANG_WARN_COMMA = YES;
				CLANG_WARN_CONSTANT_CONVERSION = YES;
				CLANG_WARN_DEPRECATED_OBJC_IMPLEMENTATIONS = YES;
				CLANG_WARN_DIRECT_OBJC_ISA_USAGE = YES_ERROR;
				CLANG_WARN_DOCUMENTATION_COMMENTS = YES;
				CLANG_WARN_EMPTY_BODY = YES;
				CLANG_WARN_ENUM_CONVERSION = YES;
				CLANG_WARN_INFINITE_RECURSION = YES;
				CLANG_WARN_INT_CONVERSION = YES;
				CLANG_WARN_NON_LITERAL_NULL_CONVERSION = YES;
				CLANG_WARN_OBJC_IMPLICIT_RETAIN_SELF = YES;
				CLANG_WARN_OBJC_LITERAL_CONVERSION = YES;
				CLANG_WARN_OBJC_ROOT_CLASS = YES_ERROR;
				CLANG_WARN_QUOTED_INCLUDE_IN_FRAMEWORK_HEADER = YES;
				CLANG_WARN_RANGE_LOOP_ANALYSIS = YES;
				CLANG_WARN_STRICT_PROTOTYPES = YES;
				CLANG_WARN_SUSPICIOUS_MOVE = YES;
				CLANG_WARN_UNGUARDED_AVAILABILITY = YES_AGGRESSIVE;
				CLANG_WARN_UNREACHABLE_CODE = YES;
				CLANG_WARN__DUPLICATE_METHOD_MATCH = YES;
				COPY_PHASE_STRIP = NO;
				CURRENT_PROJECT_VERSION = 1;
				DEBUG_INFORMATION_FORMAT = "dwarf-with-dsym";
				ENABLE_NS_ASSERTIONS = NO;
				ENABLE_STRICT_OBJC_MSGSEND = YES;
				GCC_C_LANGUAGE_STANDARD = gnu11;
				GCC_NO_COMMON_BLOCKS = YES;
				GCC_WARN_64_TO_32_BIT_CONVERSION = YES;
				GCC_WARN_ABOUT_RETURN_TYPE = YES_ERROR;
				GCC_WARN_UNDECLARED_SELECTOR = YES;
				GCC_WARN_UNINITIALIZED_AUTOS = YES_AGGRESSIVE;
				GCC_WARN_UNUSED_FUNCTION = YES;
				GCC_WARN_UNUSED_VARIABLE = YES;
				MACOSX_DEPLOYMENT_TARGET = 12.1;
				MTL_ENABLE_DEBUG_INFO = NO;
				MTL_FAST_MATH = YES;
				SDKROOT = macosx;
				SWIFT_COMPILATION_MODE = wholemodule;
				SWIFT_OPTIMIZATION_LEVEL = "-O";
				VERSIONING_SYSTEM = "apple-generic";
				VERSION_INFO_PREFIX = "";
			};
			name = Release;
		};
		44CA46B42892D83400A083FE /* Debug */ = {
			isa = XCBuildConfiguration;
			buildSettings = {
				CLANG_ENABLE_MODULES = YES;
				CODE_SIGN_STYLE = Automatic;
				COMBINE_HIDPI_IMAGES = YES;
				CURRENT_PROJECT_VERSION = 1;
				DEFINES_MODULE = YES;
				DEVELOPMENT_TEAM = LCF23C4C8B;
				DYLIB_COMPATIBILITY_VERSION = 1;
				DYLIB_CURRENT_VERSION = 1;
				DYLIB_INSTALL_NAME_BASE = "@rpath";
				GENERATE_INFOPLIST_FILE = YES;
				INFOPLIST_KEY_NSHumanReadableCopyright = "";
				INSTALL_PATH = "$(LOCAL_LIBRARY_DIR)/Frameworks";
				LD_RUNPATH_SEARCH_PATHS = (
					"$(inherited)",
					"@executable_path/../Frameworks",
					"@loader_path/Frameworks",
				);
				MARKETING_VERSION = 1.0;
				PRODUCT_BUNDLE_IDENTIFIER = com.IslomBabaev.EssentialFeed;
				PRODUCT_NAME = "$(TARGET_NAME:c99extidentifier)";
				SKIP_INSTALL = YES;
				SUPPORTED_PLATFORMS = "macosx iphonesimulator iphoneos";
				SWIFT_EMIT_LOC_STRINGS = YES;
				SWIFT_OPTIMIZATION_LEVEL = "-Onone";
				SWIFT_VERSION = 5.0;
			};
			name = Debug;
		};
		44CA46B52892D83400A083FE /* Release */ = {
			isa = XCBuildConfiguration;
			buildSettings = {
				CLANG_ENABLE_MODULES = YES;
				CODE_SIGN_STYLE = Automatic;
				COMBINE_HIDPI_IMAGES = YES;
				CURRENT_PROJECT_VERSION = 1;
				DEFINES_MODULE = YES;
				DEVELOPMENT_TEAM = LCF23C4C8B;
				DYLIB_COMPATIBILITY_VERSION = 1;
				DYLIB_CURRENT_VERSION = 1;
				DYLIB_INSTALL_NAME_BASE = "@rpath";
				GENERATE_INFOPLIST_FILE = YES;
				INFOPLIST_KEY_NSHumanReadableCopyright = "";
				INSTALL_PATH = "$(LOCAL_LIBRARY_DIR)/Frameworks";
				LD_RUNPATH_SEARCH_PATHS = (
					"$(inherited)",
					"@executable_path/../Frameworks",
					"@loader_path/Frameworks",
				);
				MARKETING_VERSION = 1.0;
				PRODUCT_BUNDLE_IDENTIFIER = com.IslomBabaev.EssentialFeed;
				PRODUCT_NAME = "$(TARGET_NAME:c99extidentifier)";
				SKIP_INSTALL = YES;
				SUPPORTED_PLATFORMS = "macosx iphonesimulator iphoneos";
				SWIFT_EMIT_LOC_STRINGS = YES;
				SWIFT_VERSION = 5.0;
			};
			name = Release;
		};
		44CA46B72892D83400A083FE /* Debug */ = {
			isa = XCBuildConfiguration;
			buildSettings = {
				ALWAYS_EMBED_SWIFT_STANDARD_LIBRARIES = YES;
				CLANG_ENABLE_MODULES = YES;
				CODE_SIGN_STYLE = Automatic;
				CURRENT_PROJECT_VERSION = 1;
				DEVELOPMENT_TEAM = LCF23C4C8B;
				GENERATE_INFOPLIST_FILE = YES;
				LD_RUNPATH_SEARCH_PATHS = (
					"$(inherited)",
					"@executable_path/../Frameworks",
					"@loader_path/../Frameworks",
				);
				MARKETING_VERSION = 1.0;
				PRODUCT_BUNDLE_IDENTIFIER = com.IslomBabaev.EssentialFeedTests;
				PRODUCT_NAME = "$(TARGET_NAME)";
				SUPPORTED_PLATFORMS = "macosx iphonesimulator iphoneos";
				SWIFT_EMIT_LOC_STRINGS = NO;
				SWIFT_OPTIMIZATION_LEVEL = "-Onone";
				SWIFT_VERSION = 5.0;
			};
			name = Debug;
		};
		44CA46B82892D83400A083FE /* Release */ = {
			isa = XCBuildConfiguration;
			buildSettings = {
				ALWAYS_EMBED_SWIFT_STANDARD_LIBRARIES = YES;
				CLANG_ENABLE_MODULES = YES;
				CODE_SIGN_STYLE = Automatic;
				CURRENT_PROJECT_VERSION = 1;
				DEVELOPMENT_TEAM = LCF23C4C8B;
				GENERATE_INFOPLIST_FILE = YES;
				LD_RUNPATH_SEARCH_PATHS = (
					"$(inherited)",
					"@executable_path/../Frameworks",
					"@loader_path/../Frameworks",
				);
				MARKETING_VERSION = 1.0;
				PRODUCT_BUNDLE_IDENTIFIER = com.IslomBabaev.EssentialFeedTests;
				PRODUCT_NAME = "$(TARGET_NAME)";
				SUPPORTED_PLATFORMS = "macosx iphonesimulator iphoneos";
				SWIFT_EMIT_LOC_STRINGS = NO;
				SWIFT_VERSION = 5.0;
			};
			name = Release;
		};
		44CFA8B528A660E500C77FE2 /* Debug */ = {
			isa = XCBuildConfiguration;
			buildSettings = {
				CLANG_ENABLE_MODULES = YES;
				CODE_SIGN_STYLE = Automatic;
				CURRENT_PROJECT_VERSION = 1;
				DEFINES_MODULE = YES;
				DEVELOPMENT_TEAM = LCF23C4C8B;
				DYLIB_COMPATIBILITY_VERSION = 1;
				DYLIB_CURRENT_VERSION = 1;
				DYLIB_INSTALL_NAME_BASE = "@rpath";
				GENERATE_INFOPLIST_FILE = YES;
				INFOPLIST_KEY_NSHumanReadableCopyright = "";
				INSTALL_PATH = "$(LOCAL_LIBRARY_DIR)/Frameworks";
				IPHONEOS_DEPLOYMENT_TARGET = 15.2;
				LD_RUNPATH_SEARCH_PATHS = (
					"$(inherited)",
					"@executable_path/Frameworks",
					"@loader_path/Frameworks",
				);
				MARKETING_VERSION = 1.0;
				PRODUCT_BUNDLE_IDENTIFIER = com.IslomBabaev.EssentialFeediOS;
				PRODUCT_NAME = "$(TARGET_NAME:c99extidentifier)";
				SDKROOT = iphoneos;
				SKIP_INSTALL = YES;
				SWIFT_EMIT_LOC_STRINGS = YES;
				SWIFT_OPTIMIZATION_LEVEL = "-Onone";
				SWIFT_VERSION = 5.0;
				TARGETED_DEVICE_FAMILY = "1,2";
			};
			name = Debug;
		};
		44CFA8B628A660E500C77FE2 /* Release */ = {
			isa = XCBuildConfiguration;
			buildSettings = {
				CLANG_ENABLE_MODULES = YES;
				CODE_SIGN_STYLE = Automatic;
				CURRENT_PROJECT_VERSION = 1;
				DEFINES_MODULE = YES;
				DEVELOPMENT_TEAM = LCF23C4C8B;
				DYLIB_COMPATIBILITY_VERSION = 1;
				DYLIB_CURRENT_VERSION = 1;
				DYLIB_INSTALL_NAME_BASE = "@rpath";
				GENERATE_INFOPLIST_FILE = YES;
				INFOPLIST_KEY_NSHumanReadableCopyright = "";
				INSTALL_PATH = "$(LOCAL_LIBRARY_DIR)/Frameworks";
				IPHONEOS_DEPLOYMENT_TARGET = 15.2;
				LD_RUNPATH_SEARCH_PATHS = (
					"$(inherited)",
					"@executable_path/Frameworks",
					"@loader_path/Frameworks",
				);
				MARKETING_VERSION = 1.0;
				PRODUCT_BUNDLE_IDENTIFIER = com.IslomBabaev.EssentialFeediOS;
				PRODUCT_NAME = "$(TARGET_NAME:c99extidentifier)";
				SDKROOT = iphoneos;
				SKIP_INSTALL = YES;
				SWIFT_EMIT_LOC_STRINGS = YES;
				SWIFT_VERSION = 5.0;
				TARGETED_DEVICE_FAMILY = "1,2";
				VALIDATE_PRODUCT = YES;
			};
			name = Release;
		};
		44CFA8B828A660E500C77FE2 /* Debug */ = {
			isa = XCBuildConfiguration;
			buildSettings = {
				ALWAYS_EMBED_SWIFT_STANDARD_LIBRARIES = YES;
				CLANG_ENABLE_MODULES = YES;
				CODE_SIGN_STYLE = Automatic;
				CURRENT_PROJECT_VERSION = 1;
				DEVELOPMENT_TEAM = LCF23C4C8B;
				GENERATE_INFOPLIST_FILE = YES;
				IPHONEOS_DEPLOYMENT_TARGET = 15.2;
				LD_RUNPATH_SEARCH_PATHS = (
					"$(inherited)",
					"@executable_path/Frameworks",
					"@loader_path/Frameworks",
				);
				MARKETING_VERSION = 1.0;
				PRODUCT_BUNDLE_IDENTIFIER = com.IslomBabaev.EssentialFeediOSTests;
				PRODUCT_NAME = "$(TARGET_NAME)";
				SDKROOT = iphoneos;
				SWIFT_EMIT_LOC_STRINGS = NO;
				SWIFT_OPTIMIZATION_LEVEL = "-Onone";
				SWIFT_VERSION = 5.0;
				TARGETED_DEVICE_FAMILY = "1,2";
			};
			name = Debug;
		};
		44CFA8B928A660E500C77FE2 /* Release */ = {
			isa = XCBuildConfiguration;
			buildSettings = {
				ALWAYS_EMBED_SWIFT_STANDARD_LIBRARIES = YES;
				CLANG_ENABLE_MODULES = YES;
				CODE_SIGN_STYLE = Automatic;
				CURRENT_PROJECT_VERSION = 1;
				DEVELOPMENT_TEAM = LCF23C4C8B;
				GENERATE_INFOPLIST_FILE = YES;
				IPHONEOS_DEPLOYMENT_TARGET = 15.2;
				LD_RUNPATH_SEARCH_PATHS = (
					"$(inherited)",
					"@executable_path/Frameworks",
					"@loader_path/Frameworks",
				);
				MARKETING_VERSION = 1.0;
				PRODUCT_BUNDLE_IDENTIFIER = com.IslomBabaev.EssentialFeediOSTests;
				PRODUCT_NAME = "$(TARGET_NAME)";
				SDKROOT = iphoneos;
				SWIFT_EMIT_LOC_STRINGS = NO;
				SWIFT_VERSION = 5.0;
				TARGETED_DEVICE_FAMILY = "1,2";
				VALIDATE_PRODUCT = YES;
			};
			name = Release;
		};
/* End XCBuildConfiguration section */

/* Begin XCConfigurationList section */
		444FBB192899544600CE44D8 /* Build configuration list for PBXNativeTarget "EssentialFeedAPIEndToEndTests" */ = {
			isa = XCConfigurationList;
			buildConfigurations = (
				444FBB1A2899544600CE44D8 /* Debug */,
				444FBB1B2899544600CE44D8 /* Release */,
			);
			defaultConfigurationIsVisible = 0;
			defaultConfigurationName = Release;
		};
		445EFD1B28A37A7E001AE8F7 /* Build configuration list for PBXNativeTarget "EssentialFeedCacheIntegrationTests" */ = {
			isa = XCConfigurationList;
			buildConfigurations = (
				445EFD1C28A37A7E001AE8F7 /* Debug */,
				445EFD1D28A37A7E001AE8F7 /* Release */,
			);
			defaultConfigurationIsVisible = 0;
			defaultConfigurationName = Release;
		};
		44CA469B2892D83400A083FE /* Build configuration list for PBXProject "EssentialFeed" */ = {
			isa = XCConfigurationList;
			buildConfigurations = (
				44CA46B12892D83400A083FE /* Debug */,
				44CA46B22892D83400A083FE /* Release */,
			);
			defaultConfigurationIsVisible = 0;
			defaultConfigurationName = Release;
		};
		44CA46B32892D83400A083FE /* Build configuration list for PBXNativeTarget "EssentialFeed" */ = {
			isa = XCConfigurationList;
			buildConfigurations = (
				44CA46B42892D83400A083FE /* Debug */,
				44CA46B52892D83400A083FE /* Release */,
			);
			defaultConfigurationIsVisible = 0;
			defaultConfigurationName = Release;
		};
		44CA46B62892D83400A083FE /* Build configuration list for PBXNativeTarget "EssentialFeedTests" */ = {
			isa = XCConfigurationList;
			buildConfigurations = (
				44CA46B72892D83400A083FE /* Debug */,
				44CA46B82892D83400A083FE /* Release */,
			);
			defaultConfigurationIsVisible = 0;
			defaultConfigurationName = Release;
		};
		44CFA8B428A660E500C77FE2 /* Build configuration list for PBXNativeTarget "EssentialFeediOS" */ = {
			isa = XCConfigurationList;
			buildConfigurations = (
				44CFA8B528A660E500C77FE2 /* Debug */,
				44CFA8B628A660E500C77FE2 /* Release */,
			);
			defaultConfigurationIsVisible = 0;
			defaultConfigurationName = Release;
		};
		44CFA8B728A660E500C77FE2 /* Build configuration list for PBXNativeTarget "EssentialFeediOSTests" */ = {
			isa = XCConfigurationList;
			buildConfigurations = (
				44CFA8B828A660E500C77FE2 /* Debug */,
				44CFA8B928A660E500C77FE2 /* Release */,
			);
			defaultConfigurationIsVisible = 0;
			defaultConfigurationName = Release;
		};
/* End XCConfigurationList section */

/* Begin XCVersionGroup section */
		446B585A28A27E94005ADF61 /* FeedStore.xcdatamodeld */ = {
			isa = XCVersionGroup;
			children = (
				446B585B28A27E94005ADF61 /* FeedStore.xcdatamodel */,
			);
			currentVersion = 446B585B28A27E94005ADF61 /* FeedStore.xcdatamodel */;
			path = FeedStore.xcdatamodeld;
			sourceTree = "<group>";
			versionGroupType = wrapper.xcdatamodel;
		};
/* End XCVersionGroup section */
	};
	rootObject = 44CA46982892D83400A083FE /* Project object */;
}
